// !$*UTF8*$!
{
	archiveVersion = 1;
	classes = {
	};
	objectVersion = 56;
	objects = {

/* Begin PBXBuildFile section */
		E8022EA129DE8FA300A7BC9B /* MySegmentedControl.swift in Sources */ = {isa = PBXBuildFile; fileRef = E8022EA029DE8FA300A7BC9B /* MySegmentedControl.swift */; };
		E80DBD1729DD54C60020BB55 /* UIControls.storyboard in Resources */ = {isa = PBXBuildFile; fileRef = E80DBD1629DD54C60020BB55 /* UIControls.storyboard */; };
		E80DBD1929DD55360020BB55 /* StepperViewController.swift in Sources */ = {isa = PBXBuildFile; fileRef = E80DBD1829DD55360020BB55 /* StepperViewController.swift */; };
		E80DBD1B29DD6F240020BB55 /* SegmentedControlViewController.swift in Sources */ = {isa = PBXBuildFile; fileRef = E80DBD1A29DD6F240020BB55 /* SegmentedControlViewController.swift */; };
		E80DBD1D29DD8BE10020BB55 /* CollectionViewController.swift in Sources */ = {isa = PBXBuildFile; fileRef = E80DBD1C29DD8BE10020BB55 /* CollectionViewController.swift */; };
		E814A31D29DE81E800C772C3 /* UIImage+extention.swift in Sources */ = {isa = PBXBuildFile; fileRef = E814A31C29DE81E700C772C3 /* UIImage+extention.swift */; };
		E847605529DD8E6600031325 /* SongCell.swift in Sources */ = {isa = PBXBuildFile; fileRef = E847605429DD8E6600031325 /* SongCell.swift */; };
		E84D2DCB29E3DC4200C4F59C /* Dictionary+byIndex.swift in Sources */ = {isa = PBXBuildFile; fileRef = E84D2DCA29E3DC4200C4F59C /* Dictionary+byIndex.swift */; };
		E84D2DCD29E41AA000C4F59C /* ImageDemoViewController.swift in Sources */ = {isa = PBXBuildFile; fileRef = E84D2DCC29E41AA000C4F59C /* ImageDemoViewController.swift */; };
		E84D2DD029E432A700C4F59C /* ContentModeCell.swift in Sources */ = {isa = PBXBuildFile; fileRef = E84D2DCE29E432A700C4F59C /* ContentModeCell.swift */; };
		E84D2DD129E432A700C4F59C /* ContentModeCell.xib in Resources */ = {isa = PBXBuildFile; fileRef = E84D2DCF29E432A700C4F59C /* ContentModeCell.xib */; };
		E880850C29DFE647008254DC /* LanguageModel.swift in Sources */ = {isa = PBXBuildFile; fileRef = E880850B29DFE647008254DC /* LanguageModel.swift */; };
		E880850F29DFE9B8008254DC /* LanguageCell.swift in Sources */ = {isa = PBXBuildFile; fileRef = E880850D29DFE9B8008254DC /* LanguageCell.swift */; };
		E880851029DFE9B8008254DC /* LanguageCell.xib in Resources */ = {isa = PBXBuildFile; fileRef = E880850E29DFE9B8008254DC /* LanguageCell.xib */; };
		E8980CCE29DACC2300EF6999 /* MyButton.swift in Sources */ = {isa = PBXBuildFile; fileRef = E8980CCD29DACC2300EF6999 /* MyButton.swift */; };
		E8A01AF729D1545700879A53 /* AutoLayout.storyboard in Resources */ = {isa = PBXBuildFile; fileRef = E8A01AF629D1545700879A53 /* AutoLayout.storyboard */; };
		E8A01AF929D154B100879A53 /* AutoLayoutViewController.swift in Sources */ = {isa = PBXBuildFile; fileRef = E8A01AF829D154B100879A53 /* AutoLayoutViewController.swift */; };
		E8A7C95729DAE8C000C91F5B /* ContainerView.swift in Sources */ = {isa = PBXBuildFile; fileRef = E8A7C95629DAE8C000C91F5B /* ContainerView.swift */; };
		E8A7C95A29DAEA5B00C91F5B /* BackgroundColorDelegate.swift in Sources */ = {isa = PBXBuildFile; fileRef = E8A7C95929DAEA5B00C91F5B /* BackgroundColorDelegate.swift */; };
		E8BDBE0C29DEBCA70094CF21 /* TableViewController.swift in Sources */ = {isa = PBXBuildFile; fileRef = E8BDBE0B29DEBCA70094CF21 /* TableViewController.swift */; };
		E8BDBE1029DEC51B0094CF21 /* TableViewCell.swift in Sources */ = {isa = PBXBuildFile; fileRef = E8BDBE0E29DEC51B0094CF21 /* TableViewCell.swift */; };
		E8BDBE1129DEC51B0094CF21 /* TableViewCell.xib in Resources */ = {isa = PBXBuildFile; fileRef = E8BDBE0F29DEC51B0094CF21 /* TableViewCell.xib */; };
		E8BDBE1429DEE65E0094CF21 /* SwitchSettingCell.swift in Sources */ = {isa = PBXBuildFile; fileRef = E8BDBE1229DEE65E0094CF21 /* SwitchSettingCell.swift */; };
		E8BDBE1529DEE65E0094CF21 /* SwitchSettingCell.xib in Resources */ = {isa = PBXBuildFile; fileRef = E8BDBE1329DEE65E0094CF21 /* SwitchSettingCell.xib */; };
		E8BDBE1729DEE6F50094CF21 /* SettingModel.swift in Sources */ = {isa = PBXBuildFile; fileRef = E8BDBE1629DEE6F50094CF21 /* SettingModel.swift */; };
		E8C9A0B429E030AF00F2376C /* GenreHeaderView.swift in Sources */ = {isa = PBXBuildFile; fileRef = E8C9A0B329E030AF00F2376C /* GenreHeaderView.swift */; };
		E8C9A0B629E0420500F2376C /* SongModel.swift in Sources */ = {isa = PBXBuildFile; fileRef = E8C9A0B529E0420500F2376C /* SongModel.swift */; };
		E8DA41BC299B5C520054C3D1 /* AppDelegate.swift in Sources */ = {isa = PBXBuildFile; fileRef = E8DA41BB299B5C520054C3D1 /* AppDelegate.swift */; };
		E8DA41BE299B5C520054C3D1 /* SceneDelegate.swift in Sources */ = {isa = PBXBuildFile; fileRef = E8DA41BD299B5C520054C3D1 /* SceneDelegate.swift */; };
		E8DA41C0299B5C520054C3D1 /* ViewController.swift in Sources */ = {isa = PBXBuildFile; fileRef = E8DA41BF299B5C520054C3D1 /* ViewController.swift */; };
		E8DA41C3299B5C520054C3D1 /* Main.storyboard in Resources */ = {isa = PBXBuildFile; fileRef = E8DA41C1299B5C520054C3D1 /* Main.storyboard */; };
		E8DA41C5299B5C540054C3D1 /* Assets.xcassets in Resources */ = {isa = PBXBuildFile; fileRef = E8DA41C4299B5C540054C3D1 /* Assets.xcassets */; };
		E8DA41C8299B5C540054C3D1 /* LaunchScreen.storyboard in Resources */ = {isa = PBXBuildFile; fileRef = E8DA41C6299B5C540054C3D1 /* LaunchScreen.storyboard */; };
		E8FD9A7029B0CDBD00E2F879 /* AccessDemo.swift in Sources */ = {isa = PBXBuildFile; fileRef = E8FD9A6F29B0CDBD00E2F879 /* AccessDemo.swift */; };
		E8FD9A7229B1B5A400E2F879 /* AccessDemo2.swift in Sources */ = {isa = PBXBuildFile; fileRef = E8FD9A7129B1B5A400E2F879 /* AccessDemo2.swift */; };
/* End PBXBuildFile section */

/* Begin PBXFileReference section */
		E8022EA029DE8FA300A7BC9B /* MySegmentedControl.swift */ = {isa = PBXFileReference; lastKnownFileType = sourcecode.swift; path = MySegmentedControl.swift; sourceTree = "<group>"; };
		E80DBD1629DD54C60020BB55 /* UIControls.storyboard */ = {isa = PBXFileReference; lastKnownFileType = file.storyboard; path = UIControls.storyboard; sourceTree = "<group>"; };
		E80DBD1829DD55360020BB55 /* StepperViewController.swift */ = {isa = PBXFileReference; lastKnownFileType = sourcecode.swift; path = StepperViewController.swift; sourceTree = "<group>"; };
		E80DBD1A29DD6F240020BB55 /* SegmentedControlViewController.swift */ = {isa = PBXFileReference; lastKnownFileType = sourcecode.swift; path = SegmentedControlViewController.swift; sourceTree = "<group>"; };
		E80DBD1C29DD8BE10020BB55 /* CollectionViewController.swift */ = {isa = PBXFileReference; lastKnownFileType = sourcecode.swift; path = CollectionViewController.swift; sourceTree = "<group>"; };
		E814A31C29DE81E700C772C3 /* UIImage+extention.swift */ = {isa = PBXFileReference; lastKnownFileType = sourcecode.swift; path = "UIImage+extention.swift"; sourceTree = "<group>"; };
		E847605429DD8E6600031325 /* SongCell.swift */ = {isa = PBXFileReference; lastKnownFileType = sourcecode.swift; path = SongCell.swift; sourceTree = "<group>"; };
		E84D2DCA29E3DC4200C4F59C /* Dictionary+byIndex.swift */ = {isa = PBXFileReference; lastKnownFileType = sourcecode.swift; path = "Dictionary+byIndex.swift"; sourceTree = "<group>"; };
		E84D2DCC29E41AA000C4F59C /* ImageDemoViewController.swift */ = {isa = PBXFileReference; lastKnownFileType = sourcecode.swift; path = ImageDemoViewController.swift; sourceTree = "<group>"; };
		E84D2DCE29E432A700C4F59C /* ContentModeCell.swift */ = {isa = PBXFileReference; lastKnownFileType = sourcecode.swift; path = ContentModeCell.swift; sourceTree = "<group>"; };
		E84D2DCF29E432A700C4F59C /* ContentModeCell.xib */ = {isa = PBXFileReference; lastKnownFileType = file.xib; path = ContentModeCell.xib; sourceTree = "<group>"; };
		E880850B29DFE647008254DC /* LanguageModel.swift */ = {isa = PBXFileReference; lastKnownFileType = sourcecode.swift; path = LanguageModel.swift; sourceTree = "<group>"; };
		E880850D29DFE9B8008254DC /* LanguageCell.swift */ = {isa = PBXFileReference; lastKnownFileType = sourcecode.swift; path = LanguageCell.swift; sourceTree = "<group>"; };
		E880850E29DFE9B8008254DC /* LanguageCell.xib */ = {isa = PBXFileReference; lastKnownFileType = file.xib; path = LanguageCell.xib; sourceTree = "<group>"; };
		E8980CCD29DACC2300EF6999 /* MyButton.swift */ = {isa = PBXFileReference; lastKnownFileType = sourcecode.swift; path = MyButton.swift; sourceTree = "<group>"; };
		E8A01AF629D1545700879A53 /* AutoLayout.storyboard */ = {isa = PBXFileReference; lastKnownFileType = file.storyboard; path = AutoLayout.storyboard; sourceTree = "<group>"; };
		E8A01AF829D154B100879A53 /* AutoLayoutViewController.swift */ = {isa = PBXFileReference; lastKnownFileType = sourcecode.swift; path = AutoLayoutViewController.swift; sourceTree = "<group>"; };
		E8A7C95629DAE8C000C91F5B /* ContainerView.swift */ = {isa = PBXFileReference; lastKnownFileType = sourcecode.swift; path = ContainerView.swift; sourceTree = "<group>"; };
		E8A7C95929DAEA5B00C91F5B /* BackgroundColorDelegate.swift */ = {isa = PBXFileReference; lastKnownFileType = sourcecode.swift; path = BackgroundColorDelegate.swift; sourceTree = "<group>"; };
		E8AD4C46299E30F800DA99DE /* photograph_signature.ttf */ = {isa = PBXFileReference; lastKnownFileType = file; name = photograph_signature.ttf; path = ../../../../../../Downloads/photograph_signature.ttf; sourceTree = "<group>"; };
		E8BDBE0B29DEBCA70094CF21 /* TableViewController.swift */ = {isa = PBXFileReference; lastKnownFileType = sourcecode.swift; path = TableViewController.swift; sourceTree = "<group>"; };
		E8BDBE0E29DEC51B0094CF21 /* TableViewCell.swift */ = {isa = PBXFileReference; lastKnownFileType = sourcecode.swift; path = TableViewCell.swift; sourceTree = "<group>"; };
		E8BDBE0F29DEC51B0094CF21 /* TableViewCell.xib */ = {isa = PBXFileReference; lastKnownFileType = file.xib; path = TableViewCell.xib; sourceTree = "<group>"; };
		E8BDBE1229DEE65E0094CF21 /* SwitchSettingCell.swift */ = {isa = PBXFileReference; lastKnownFileType = sourcecode.swift; path = SwitchSettingCell.swift; sourceTree = "<group>"; };
		E8BDBE1329DEE65E0094CF21 /* SwitchSettingCell.xib */ = {isa = PBXFileReference; lastKnownFileType = file.xib; path = SwitchSettingCell.xib; sourceTree = "<group>"; };
		E8BDBE1629DEE6F50094CF21 /* SettingModel.swift */ = {isa = PBXFileReference; lastKnownFileType = sourcecode.swift; path = SettingModel.swift; sourceTree = "<group>"; };
		E8C9A0B329E030AF00F2376C /* GenreHeaderView.swift */ = {isa = PBXFileReference; lastKnownFileType = sourcecode.swift; path = GenreHeaderView.swift; sourceTree = "<group>"; };
		E8C9A0B529E0420500F2376C /* SongModel.swift */ = {isa = PBXFileReference; lastKnownFileType = sourcecode.swift; name = SongModel.swift; path = Demo/UIControls/Models/SongModel.swift; sourceTree = SOURCE_ROOT; };
		E8DA41B8299B5C520054C3D1 /* Demo.app */ = {isa = PBXFileReference; explicitFileType = wrapper.application; includeInIndex = 0; path = Demo.app; sourceTree = BUILT_PRODUCTS_DIR; };
		E8DA41BB299B5C520054C3D1 /* AppDelegate.swift */ = {isa = PBXFileReference; lastKnownFileType = sourcecode.swift; path = AppDelegate.swift; sourceTree = "<group>"; };
		E8DA41BD299B5C520054C3D1 /* SceneDelegate.swift */ = {isa = PBXFileReference; lastKnownFileType = sourcecode.swift; path = SceneDelegate.swift; sourceTree = "<group>"; };
		E8DA41BF299B5C520054C3D1 /* ViewController.swift */ = {isa = PBXFileReference; lastKnownFileType = sourcecode.swift; path = ViewController.swift; sourceTree = "<group>"; };
		E8DA41C2299B5C520054C3D1 /* Base */ = {isa = PBXFileReference; lastKnownFileType = file.storyboard; name = Base; path = Base.lproj/Main.storyboard; sourceTree = "<group>"; };
		E8DA41C4299B5C540054C3D1 /* Assets.xcassets */ = {isa = PBXFileReference; lastKnownFileType = folder.assetcatalog; path = Assets.xcassets; sourceTree = "<group>"; };
		E8DA41C7299B5C540054C3D1 /* Base */ = {isa = PBXFileReference; lastKnownFileType = file.storyboard; name = Base; path = Base.lproj/LaunchScreen.storyboard; sourceTree = "<group>"; };
		E8DA41C9299B5C540054C3D1 /* Info.plist */ = {isa = PBXFileReference; lastKnownFileType = text.plist.xml; path = Info.plist; sourceTree = "<group>"; };
		E8FD9A6F29B0CDBD00E2F879 /* AccessDemo.swift */ = {isa = PBXFileReference; lastKnownFileType = sourcecode.swift; path = AccessDemo.swift; sourceTree = "<group>"; };
		E8FD9A7129B1B5A400E2F879 /* AccessDemo2.swift */ = {isa = PBXFileReference; lastKnownFileType = sourcecode.swift; path = AccessDemo2.swift; sourceTree = "<group>"; };
/* End PBXFileReference section */

/* Begin PBXFrameworksBuildPhase section */
		E8DA41B5299B5C520054C3D1 /* Frameworks */ = {
			isa = PBXFrameworksBuildPhase;
			buildActionMask = 2147483647;
			files = (
			);
			runOnlyForDeploymentPostprocessing = 0;
		};
/* End PBXFrameworksBuildPhase section */

/* Begin PBXGroup section */
		E814A31B29DE81C200C772C3 /* utils */ = {
			isa = PBXGroup;
			children = (
				E814A31C29DE81E700C772C3 /* UIImage+extention.swift */,
				E84D2DCA29E3DC4200C4F59C /* Dictionary+byIndex.swift */,
			);
			path = utils;
			sourceTree = "<group>";
		};
		E880850929DFE4FC008254DC /* ViewControllers */ = {
			isa = PBXGroup;
			children = (
				E80DBD1C29DD8BE10020BB55 /* CollectionViewController.swift */,
				E8C9A0B529E0420500F2376C /* SongModel.swift */,
				E80DBD1829DD55360020BB55 /* StepperViewController.swift */,
				E80DBD1A29DD6F240020BB55 /* SegmentedControlViewController.swift */,
				E8BDBE0B29DEBCA70094CF21 /* TableViewController.swift */,
				E84D2DCC29E41AA000C4F59C /* ImageDemoViewController.swift */,
			);
			path = ViewControllers;
			sourceTree = "<group>";
		};
		E880850A29DFE635008254DC /* Models */ = {
			isa = PBXGroup;
			children = (
				E8BDBE1629DEE6F50094CF21 /* SettingModel.swift */,
				E880850B29DFE647008254DC /* LanguageModel.swift */,
			);
			path = Models;
			sourceTree = "<group>";
		};
		E8A7C95829DAE99400C91F5B /* UIControls */ = {
			isa = PBXGroup;
			children = (
				E8BDBE0D29DEC4D10094CF21 /* Cells */,
				E8A7C95629DAE8C000C91F5B /* ContainerView.swift */,
				E8980CCD29DACC2300EF6999 /* MyButton.swift */,
				E880850929DFE4FC008254DC /* ViewControllers */,
				E8A7C95929DAEA5B00C91F5B /* BackgroundColorDelegate.swift */,
				E80DBD1629DD54C60020BB55 /* UIControls.storyboard */,
				E8022EA029DE8FA300A7BC9B /* MySegmentedControl.swift */,
				E880850A29DFE635008254DC /* Models */,
			);
			path = UIControls;
			sourceTree = "<group>";
		};
		E8AD4C45299E30D000DA99DE /* fonts */ = {
			isa = PBXGroup;
			children = (
				E8AD4C46299E30F800DA99DE /* photograph_signature.ttf */,
			);
			path = fonts;
			sourceTree = "<group>";
		};
		E8BDBE0D29DEC4D10094CF21 /* Cells */ = {
			isa = PBXGroup;
			children = (
				E8BDBE0E29DEC51B0094CF21 /* TableViewCell.swift */,
				E847605429DD8E6600031325 /* SongCell.swift */,
				E8BDBE0F29DEC51B0094CF21 /* TableViewCell.xib */,
				E8BDBE1229DEE65E0094CF21 /* SwitchSettingCell.swift */,
				E8BDBE1329DEE65E0094CF21 /* SwitchSettingCell.xib */,
				E880850D29DFE9B8008254DC /* LanguageCell.swift */,
				E880850E29DFE9B8008254DC /* LanguageCell.xib */,
				E8C9A0B329E030AF00F2376C /* GenreHeaderView.swift */,
				E84D2DCE29E432A700C4F59C /* ContentModeCell.swift */,
				E84D2DCF29E432A700C4F59C /* ContentModeCell.xib */,
			);
			path = Cells;
			sourceTree = "<group>";
		};
		E8DA41AF299B5C520054C3D1 = {
			isa = PBXGroup;
			children = (
				E8DA41BA299B5C520054C3D1 /* Demo */,
				E8DA41B9299B5C520054C3D1 /* Products */,
			);
			sourceTree = "<group>";
		};
		E8DA41B9299B5C520054C3D1 /* Products */ = {
			isa = PBXGroup;
			children = (
				E8DA41B8299B5C520054C3D1 /* Demo.app */,
			);
			name = Products;
			sourceTree = "<group>";
		};
		E8DA41BA299B5C520054C3D1 /* Demo */ = {
			isa = PBXGroup;
			children = (
				E814A31B29DE81C200C772C3 /* utils */,
				E8FD9A6E29B0CD8300E2F879 /* access_level_demo */,
				E8AD4C45299E30D000DA99DE /* fonts */,
				E8DA41BB299B5C520054C3D1 /* AppDelegate.swift */,
				E8DA41BD299B5C520054C3D1 /* SceneDelegate.swift */,
				E8DA41BF299B5C520054C3D1 /* ViewController.swift */,
				E8DA41C1299B5C520054C3D1 /* Main.storyboard */,
				E8DA41C4299B5C540054C3D1 /* Assets.xcassets */,
				E8DA41C6299B5C540054C3D1 /* LaunchScreen.storyboard */,
				E8DA41C9299B5C540054C3D1 /* Info.plist */,
				E8A01AF629D1545700879A53 /* AutoLayout.storyboard */,
				E8A7C95829DAE99400C91F5B /* UIControls */,
				E8A01AF829D154B100879A53 /* AutoLayoutViewController.swift */,
			);
			path = Demo;
			sourceTree = "<group>";
		};
		E8FD9A6E29B0CD8300E2F879 /* access_level_demo */ = {
			isa = PBXGroup;
			children = (
				E8FD9A6F29B0CDBD00E2F879 /* AccessDemo.swift */,
				E8FD9A7129B1B5A400E2F879 /* AccessDemo2.swift */,
			);
			path = access_level_demo;
			sourceTree = "<group>";
		};
/* End PBXGroup section */

/* Begin PBXNativeTarget section */
		E8DA41B7299B5C520054C3D1 /* Demo */ = {
			isa = PBXNativeTarget;
			buildConfigurationList = E8DA41CC299B5C540054C3D1 /* Build configuration list for PBXNativeTarget "Demo" */;
			buildPhases = (
				E8DA41B4299B5C520054C3D1 /* Sources */,
				E8DA41B5299B5C520054C3D1 /* Frameworks */,
				E8DA41B6299B5C520054C3D1 /* Resources */,
			);
			buildRules = (
			);
			dependencies = (
			);
			name = Demo;
			productName = Demo;
			productReference = E8DA41B8299B5C520054C3D1 /* Demo.app */;
			productType = "com.apple.product-type.application";
		};
/* End PBXNativeTarget section */

/* Begin PBXProject section */
		E8DA41B0299B5C520054C3D1 /* Project object */ = {
			isa = PBXProject;
			attributes = {
				BuildIndependentTargetsInParallel = 1;
				LastSwiftUpdateCheck = 1420;
				LastUpgradeCheck = 1420;
				TargetAttributes = {
					E8DA41B7299B5C520054C3D1 = {
						CreatedOnToolsVersion = 14.2;
					};
				};
			};
			buildConfigurationList = E8DA41B3299B5C520054C3D1 /* Build configuration list for PBXProject "Demo" */;
			compatibilityVersion = "Xcode 14.0";
			developmentRegion = en;
			hasScannedForEncodings = 0;
			knownRegions = (
				en,
				Base,
			);
			mainGroup = E8DA41AF299B5C520054C3D1;
			productRefGroup = E8DA41B9299B5C520054C3D1 /* Products */;
			projectDirPath = "";
			projectRoot = "";
			targets = (
				E8DA41B7299B5C520054C3D1 /* Demo */,
			);
		};
/* End PBXProject section */

/* Begin PBXResourcesBuildPhase section */
		E8DA41B6299B5C520054C3D1 /* Resources */ = {
			isa = PBXResourcesBuildPhase;
			buildActionMask = 2147483647;
			files = (
				E80DBD1729DD54C60020BB55 /* UIControls.storyboard in Resources */,
				E8BDBE1129DEC51B0094CF21 /* TableViewCell.xib in Resources */,
				E8BDBE1529DEE65E0094CF21 /* SwitchSettingCell.xib in Resources */,
				E84D2DD129E432A700C4F59C /* ContentModeCell.xib in Resources */,
				E8DA41C8299B5C540054C3D1 /* LaunchScreen.storyboard in Resources */,
				E8DA41C5299B5C540054C3D1 /* Assets.xcassets in Resources */,
				E880851029DFE9B8008254DC /* LanguageCell.xib in Resources */,
				E8DA41C3299B5C520054C3D1 /* Main.storyboard in Resources */,
				E8A01AF729D1545700879A53 /* AutoLayout.storyboard in Resources */,
			);
			runOnlyForDeploymentPostprocessing = 0;
		};
/* End PBXResourcesBuildPhase section */

/* Begin PBXSourcesBuildPhase section */
		E8DA41B4299B5C520054C3D1 /* Sources */ = {
			isa = PBXSourcesBuildPhase;
			buildActionMask = 2147483647;
			files = (
				E80DBD1D29DD8BE10020BB55 /* CollectionViewController.swift in Sources */,
				E8C9A0B429E030AF00F2376C /* GenreHeaderView.swift in Sources */,
				E80DBD1929DD55360020BB55 /* StepperViewController.swift in Sources */,
				E8DA41C0299B5C520054C3D1 /* ViewController.swift in Sources */,
				E84D2DD029E432A700C4F59C /* ContentModeCell.swift in Sources */,
				E8DA41BC299B5C520054C3D1 /* AppDelegate.swift in Sources */,
				E8FD9A7229B1B5A400E2F879 /* AccessDemo2.swift in Sources */,
				E8FD9A7029B0CDBD00E2F879 /* AccessDemo.swift in Sources */,
				E8A7C95729DAE8C000C91F5B /* ContainerView.swift in Sources */,
				E8980CCE29DACC2300EF6999 /* MyButton.swift in Sources */,
				E8BDBE1729DEE6F50094CF21 /* SettingModel.swift in Sources */,
				E8BDBE1429DEE65E0094CF21 /* SwitchSettingCell.swift in Sources */,
				E847605529DD8E6600031325 /* SongCell.swift in Sources */,
				E8022EA129DE8FA300A7BC9B /* MySegmentedControl.swift in Sources */,
				E880850F29DFE9B8008254DC /* LanguageCell.swift in Sources */,
				E80DBD1B29DD6F240020BB55 /* SegmentedControlViewController.swift in Sources */,
				E84D2DCB29E3DC4200C4F59C /* Dictionary+byIndex.swift in Sources */,
				E8BDBE0C29DEBCA70094CF21 /* TableViewController.swift in Sources */,
				E8C9A0B629E0420500F2376C /* SongModel.swift in Sources */,
				E814A31D29DE81E800C772C3 /* UIImage+extention.swift in Sources */,
				E8A7C95A29DAEA5B00C91F5B /* BackgroundColorDelegate.swift in Sources */,
				E8BDBE1029DEC51B0094CF21 /* TableViewCell.swift in Sources */,
				E8DA41BE299B5C520054C3D1 /* SceneDelegate.swift in Sources */,
				E84D2DCD29E41AA000C4F59C /* ImageDemoViewController.swift in Sources */,
				E8A01AF929D154B100879A53 /* AutoLayoutViewController.swift in Sources */,
				E880850C29DFE647008254DC /* LanguageModel.swift in Sources */,
			);
			runOnlyForDeploymentPostprocessing = 0;
		};
/* End PBXSourcesBuildPhase section */

/* Begin PBXVariantGroup section */
		E8DA41C1299B5C520054C3D1 /* Main.storyboard */ = {
			isa = PBXVariantGroup;
			children = (
				E8DA41C2299B5C520054C3D1 /* Base */,
			);
			name = Main.storyboard;
			sourceTree = "<group>";
		};
		E8DA41C6299B5C540054C3D1 /* LaunchScreen.storyboard */ = {
			isa = PBXVariantGroup;
			children = (
				E8DA41C7299B5C540054C3D1 /* Base */,
			);
			name = LaunchScreen.storyboard;
			sourceTree = "<group>";
		};
/* End PBXVariantGroup section */

/* Begin XCBuildConfiguration section */
		E8DA41CA299B5C540054C3D1 /* Debug */ = {
			isa = XCBuildConfiguration;
			buildSettings = {
				ALWAYS_SEARCH_USER_PATHS = NO;
				CLANG_ANALYZER_NONNULL = YES;
				CLANG_ANALYZER_NUMBER_OBJECT_CONVERSION = YES_AGGRESSIVE;
				CLANG_CXX_LANGUAGE_STANDARD = "gnu++20";
				CLANG_ENABLE_MODULES = YES;
				CLANG_ENABLE_OBJC_ARC = YES;
				CLANG_ENABLE_OBJC_WEAK = YES;
				CLANG_WARN_BLOCK_CAPTURE_AUTORELEASING = YES;
				CLANG_WARN_BOOL_CONVERSION = YES;
				CLANG_WARN_COMMA = YES;
				CLANG_WARN_CONSTANT_CONVERSION = YES;
				CLANG_WARN_DEPRECATED_OBJC_IMPLEMENTATIONS = YES;
				CLANG_WARN_DIRECT_OBJC_ISA_USAGE = YES_ERROR;
				CLANG_WARN_DOCUMENTATION_COMMENTS = YES;
				CLANG_WARN_EMPTY_BODY = YES;
				CLANG_WARN_ENUM_CONVERSION = YES;
				CLANG_WARN_INFINITE_RECURSION = YES;
				CLANG_WARN_INT_CONVERSION = YES;
				CLANG_WARN_NON_LITERAL_NULL_CONVERSION = YES;
				CLANG_WARN_OBJC_IMPLICIT_RETAIN_SELF = YES;
				CLANG_WARN_OBJC_LITERAL_CONVERSION = YES;
				CLANG_WARN_OBJC_ROOT_CLASS = YES_ERROR;
				CLANG_WARN_QUOTED_INCLUDE_IN_FRAMEWORK_HEADER = YES;
				CLANG_WARN_RANGE_LOOP_ANALYSIS = YES;
				CLANG_WARN_STRICT_PROTOTYPES = YES;
				CLANG_WARN_SUSPICIOUS_MOVE = YES;
				CLANG_WARN_UNGUARDED_AVAILABILITY = YES_AGGRESSIVE;
				CLANG_WARN_UNREACHABLE_CODE = YES;
				CLANG_WARN__DUPLICATE_METHOD_MATCH = YES;
				COPY_PHASE_STRIP = NO;
				DEBUG_INFORMATION_FORMAT = dwarf;
				ENABLE_STRICT_OBJC_MSGSEND = YES;
				ENABLE_TESTABILITY = YES;
				GCC_C_LANGUAGE_STANDARD = gnu11;
				GCC_DYNAMIC_NO_PIC = NO;
				GCC_NO_COMMON_BLOCKS = YES;
				GCC_OPTIMIZATION_LEVEL = 0;
				GCC_PREPROCESSOR_DEFINITIONS = (
					"DEBUG=1",
					"$(inherited)",
				);
				GCC_WARN_64_TO_32_BIT_CONVERSION = YES;
				GCC_WARN_ABOUT_RETURN_TYPE = YES_ERROR;
				GCC_WARN_UNDECLARED_SELECTOR = YES;
				GCC_WARN_UNINITIALIZED_AUTOS = YES_AGGRESSIVE;
				GCC_WARN_UNUSED_FUNCTION = YES;
				GCC_WARN_UNUSED_VARIABLE = YES;
				IPHONEOS_DEPLOYMENT_TARGET = 16.2;
				MTL_ENABLE_DEBUG_INFO = INCLUDE_SOURCE;
				MTL_FAST_MATH = YES;
				ONLY_ACTIVE_ARCH = YES;
				SDKROOT = iphoneos;
				SWIFT_ACTIVE_COMPILATION_CONDITIONS = DEBUG;
				SWIFT_OPTIMIZATION_LEVEL = "-Onone";
			};
			name = Debug;
		};
		E8DA41CB299B5C540054C3D1 /* Release */ = {
			isa = XCBuildConfiguration;
			buildSettings = {
				ALWAYS_SEARCH_USER_PATHS = NO;
				CLANG_ANALYZER_NONNULL = YES;
				CLANG_ANALYZER_NUMBER_OBJECT_CONVERSION = YES_AGGRESSIVE;
				CLANG_CXX_LANGUAGE_STANDARD = "gnu++20";
				CLANG_ENABLE_MODULES = YES;
				CLANG_ENABLE_OBJC_ARC = YES;
				CLANG_ENABLE_OBJC_WEAK = YES;
				CLANG_WARN_BLOCK_CAPTURE_AUTORELEASING = YES;
				CLANG_WARN_BOOL_CONVERSION = YES;
				CLANG_WARN_COMMA = YES;
				CLANG_WARN_CONSTANT_CONVERSION = YES;
				CLANG_WARN_DEPRECATED_OBJC_IMPLEMENTATIONS = YES;
				CLANG_WARN_DIRECT_OBJC_ISA_USAGE = YES_ERROR;
				CLANG_WARN_DOCUMENTATION_COMMENTS = YES;
				CLANG_WARN_EMPTY_BODY = YES;
				CLANG_WARN_ENUM_CONVERSION = YES;
				CLANG_WARN_INFINITE_RECURSION = YES;
				CLANG_WARN_INT_CONVERSION = YES;
				CLANG_WARN_NON_LITERAL_NULL_CONVERSION = YES;
				CLANG_WARN_OBJC_IMPLICIT_RETAIN_SELF = YES;
				CLANG_WARN_OBJC_LITERAL_CONVERSION = YES;
				CLANG_WARN_OBJC_ROOT_CLASS = YES_ERROR;
				CLANG_WARN_QUOTED_INCLUDE_IN_FRAMEWORK_HEADER = YES;
				CLANG_WARN_RANGE_LOOP_ANALYSIS = YES;
				CLANG_WARN_STRICT_PROTOTYPES = YES;
				CLANG_WARN_SUSPICIOUS_MOVE = YES;
				CLANG_WARN_UNGUARDED_AVAILABILITY = YES_AGGRESSIVE;
				CLANG_WARN_UNREACHABLE_CODE = YES;
				CLANG_WARN__DUPLICATE_METHOD_MATCH = YES;
				COPY_PHASE_STRIP = NO;
				DEBUG_INFORMATION_FORMAT = "dwarf-with-dsym";
				ENABLE_NS_ASSERTIONS = NO;
				ENABLE_STRICT_OBJC_MSGSEND = YES;
				GCC_C_LANGUAGE_STANDARD = gnu11;
				GCC_NO_COMMON_BLOCKS = YES;
				GCC_WARN_64_TO_32_BIT_CONVERSION = YES;
				GCC_WARN_ABOUT_RETURN_TYPE = YES_ERROR;
				GCC_WARN_UNDECLARED_SELECTOR = YES;
				GCC_WARN_UNINITIALIZED_AUTOS = YES_AGGRESSIVE;
				GCC_WARN_UNUSED_FUNCTION = YES;
				GCC_WARN_UNUSED_VARIABLE = YES;
				IPHONEOS_DEPLOYMENT_TARGET = 16.2;
				MTL_ENABLE_DEBUG_INFO = NO;
				MTL_FAST_MATH = YES;
				SDKROOT = iphoneos;
				SWIFT_COMPILATION_MODE = wholemodule;
				SWIFT_OPTIMIZATION_LEVEL = "-O";
				VALIDATE_PRODUCT = YES;
			};
			name = Release;
		};
		E8DA41CD299B5C540054C3D1 /* Debug */ = {
			isa = XCBuildConfiguration;
			buildSettings = {
				ASSETCATALOG_COMPILER_APPICON_NAME = AppIcon;
				ASSETCATALOG_COMPILER_GLOBAL_ACCENT_COLOR_NAME = AccentColor;
				CODE_SIGN_STYLE = Automatic;
				CURRENT_PROJECT_VERSION = 1;
				GENERATE_INFOPLIST_FILE = YES;
				INFOPLIST_FILE = Demo/Info.plist;
				INFOPLIST_KEY_LSApplicationCategoryType = "";
				INFOPLIST_KEY_UIApplicationSupportsIndirectInputEvents = YES;
				INFOPLIST_KEY_UILaunchStoryboardName = LaunchScreen;
				INFOPLIST_KEY_UIMainStoryboardFile = UIControls;
				INFOPLIST_KEY_UISupportedInterfaceOrientations_iPad = "UIInterfaceOrientationPortrait UIInterfaceOrientationPortraitUpsideDown UIInterfaceOrientationLandscapeLeft UIInterfaceOrientationLandscapeRight";
				INFOPLIST_KEY_UISupportedInterfaceOrientations_iPhone = "UIInterfaceOrientationPortrait UIInterfaceOrientationLandscapeLeft UIInterfaceOrientationLandscapeRight";
				LD_RUNPATH_SEARCH_PATHS = (
					"$(inherited)",
					"@executable_path/Frameworks",
				);
				MARKETING_VERSION = 1.0;
				PRODUCT_BUNDLE_IDENTIFIER = com.krunal.Demo;
				PRODUCT_NAME = "$(TARGET_NAME)";
				SWIFT_EMIT_LOC_STRINGS = YES;
				SWIFT_VERSION = 5.0;
				TARGETED_DEVICE_FAMILY = "1,2";
			};
			name = Debug;
		};
		E8DA41CE299B5C540054C3D1 /* Release */ = {
			isa = XCBuildConfiguration;
			buildSettings = {
				ASSETCATALOG_COMPILER_APPICON_NAME = AppIcon;
				ASSETCATALOG_COMPILER_GLOBAL_ACCENT_COLOR_NAME = AccentColor;
				CODE_SIGN_STYLE = Automatic;
				CURRENT_PROJECT_VERSION = 1;
				GENERATE_INFOPLIST_FILE = YES;
				INFOPLIST_FILE = Demo/Info.plist;
				INFOPLIST_KEY_LSApplicationCategoryType = "";
				INFOPLIST_KEY_UIApplicationSupportsIndirectInputEvents = YES;
				INFOPLIST_KEY_UILaunchStoryboardName = LaunchScreen;
				INFOPLIST_KEY_UIMainStoryboardFile = UIControls;
				INFOPLIST_KEY_UISupportedInterfaceOrientations_iPad = "UIInterfaceOrientationPortrait UIInterfaceOrientationPortraitUpsideDown UIInterfaceOrientationLandscapeLeft UIInterfaceOrientationLandscapeRight";
				INFOPLIST_KEY_UISupportedInterfaceOrientations_iPhone = "UIInterfaceOrientationPortrait UIInterfaceOrientationLandscapeLeft UIInterfaceOrientationLandscapeRight";
				LD_RUNPATH_SEARCH_PATHS = (
					"$(inherited)",
					"@executable_path/Frameworks",
				);
				MARKETING_VERSION = 1.0;
				PRODUCT_BUNDLE_IDENTIFIER = com.krunal.Demo;
				PRODUCT_NAME = "$(TARGET_NAME)";
				SWIFT_EMIT_LOC_STRINGS = YES;
				SWIFT_VERSION = 5.0;
				TARGETED_DEVICE_FAMILY = "1,2";
			};
			name = Release;
		};
/* End XCBuildConfiguration section */

/* Begin XCConfigurationList section */
		E8DA41B3299B5C520054C3D1 /* Build configuration list for PBXProject "Demo" */ = {
			isa = XCConfigurationList;
			buildConfigurations = (
				E8DA41CA299B5C540054C3D1 /* Debug */,
				E8DA41CB299B5C540054C3D1 /* Release */,
			);
			defaultConfigurationIsVisible = 0;
			defaultConfigurationName = Release;
		};
		E8DA41CC299B5C540054C3D1 /* Build configuration list for PBXNativeTarget "Demo" */ = {
			isa = XCConfigurationList;
			buildConfigurations = (
				E8DA41CD299B5C540054C3D1 /* Debug */,
				E8DA41CE299B5C540054C3D1 /* Release */,
			);
			defaultConfigurationIsVisible = 0;
			defaultConfigurationName = Release;
		};
/* End XCConfigurationList section */
	};
	rootObject = E8DA41B0299B5C520054C3D1 /* Project object */;
}
