// !$*UTF8*$!
{
	archiveVersion = 1;
	classes = {
	};
	objectVersion = 56;
	objects = {

/* Begin PBXBuildFile section */
		E8022EA129DE8FA300A7BC9B /* MySegmentedControl.swift in Sources */ = {isa = PBXBuildFile; fileRef = E8022EA029DE8FA300A7BC9B /* MySegmentedControl.swift */; };
		E80DBD1729DD54C60020BB55 /* UIControls.storyboard in Resources */ = {isa = PBXBuildFile; fileRef = E80DBD1629DD54C60020BB55 /* UIControls.storyboard */; };
		E80DBD1929DD55360020BB55 /* StepperViewController.swift in Sources */ = {isa = PBXBuildFile; fileRef = E80DBD1829DD55360020BB55 /* StepperViewController.swift */; };
		E80DBD1B29DD6F240020BB55 /* SegmentedControlViewController.swift in Sources */ = {isa = PBXBuildFile; fileRef = E80DBD1A29DD6F240020BB55 /* SegmentedControlViewController.swift */; };
		E80DBD1D29DD8BE10020BB55 /* CollectionViewController.swift in Sources */ = {isa = PBXBuildFile; fileRef = E80DBD1C29DD8BE10020BB55 /* CollectionViewController.swift */; };
		E80E996D29F01B04005313C9 /* CombinedScreen.storyboard in Resources */ = {isa = PBXBuildFile; fileRef = E80E996C29F01B04005313C9 /* CombinedScreen.storyboard */; };
		E80E996F29F01C08005313C9 /* CombinedScreenViewController.swift in Sources */ = {isa = PBXBuildFile; fileRef = E80E996E29F01C08005313C9 /* CombinedScreenViewController.swift */; };
		E80E997529F01C78005313C9 /* ComponentCell.swift in Sources */ = {isa = PBXBuildFile; fileRef = E80E997329F01C78005313C9 /* ComponentCell.swift */; };
		E80E997629F01C78005313C9 /* ComponentCell.xib in Resources */ = {isa = PBXBuildFile; fileRef = E80E997429F01C78005313C9 /* ComponentCell.xib */; };
		E814A31D29DE81E800C772C3 /* UIImage+extentions.swift in Sources */ = {isa = PBXBuildFile; fileRef = E814A31C29DE81E700C772C3 /* UIImage+extentions.swift */; };
		E822007F29E7C959008CB9A0 /* StackViewController.swift in Sources */ = {isa = PBXBuildFile; fileRef = E822007E29E7C959008CB9A0 /* StackViewController.swift */; };
		E822008129E7CBAC008CB9A0 /* StoryCell.swift in Sources */ = {isa = PBXBuildFile; fileRef = E822008029E7CBAC008CB9A0 /* StoryCell.swift */; };
		E822008329E7CBC2008CB9A0 /* FeedCell.swift in Sources */ = {isa = PBXBuildFile; fileRef = E822008229E7CBC2008CB9A0 /* FeedCell.swift */; };
		E822008529E805FB008CB9A0 /* PickerViewController.swift in Sources */ = {isa = PBXBuildFile; fileRef = E822008429E805FA008CB9A0 /* PickerViewController.swift */; };
		E822008929E812C2008CB9A0 /* StateModel.swift in Sources */ = {isa = PBXBuildFile; fileRef = E822008829E812C2008CB9A0 /* StateModel.swift */; };
		E822008B29E8235A008CB9A0 /* DatePickerViewController.swift in Sources */ = {isa = PBXBuildFile; fileRef = E822008A29E8235A008CB9A0 /* DatePickerViewController.swift */; };
		E822008D29E90C32008CB9A0 /* MapViewController.swift in Sources */ = {isa = PBXBuildFile; fileRef = E822008C29E90C32008CB9A0 /* MapViewController.swift */; };
		E82C8E2629E591D800424E0C /* DescriptionCell.swift in Sources */ = {isa = PBXBuildFile; fileRef = E82C8E2429E591D800424E0C /* DescriptionCell.swift */; };
		E82C8E2729E591D800424E0C /* DescriptionCell.xib in Resources */ = {isa = PBXBuildFile; fileRef = E82C8E2529E591D800424E0C /* DescriptionCell.xib */; };
		E82C8E2929E67A5300424E0C /* TabBarViewController.swift in Sources */ = {isa = PBXBuildFile; fileRef = E82C8E2829E67A5300424E0C /* TabBarViewController.swift */; };
		E82C8E2B29E691DF00424E0C /* UIControls2.storyboard in Resources */ = {isa = PBXBuildFile; fileRef = E82C8E2A29E691DF00424E0C /* UIControls2.storyboard */; };
		E82C8E2D29E6922400424E0C /* ToolBarViewController.swift in Sources */ = {isa = PBXBuildFile; fileRef = E82C8E2C29E6922400424E0C /* ToolBarViewController.swift */; };
		E82E479029ED37800066BDAA /* ImageCell.swift in Sources */ = {isa = PBXBuildFile; fileRef = E82E478F29ED37800066BDAA /* ImageCell.swift */; };
		E830152E29ED25BD00A75CE9 /* OfferCell.swift in Sources */ = {isa = PBXBuildFile; fileRef = E830152C29ED25BD00A75CE9 /* OfferCell.swift */; };
		E830152F29ED25BD00A75CE9 /* OfferCell.xib in Resources */ = {isa = PBXBuildFile; fileRef = E830152D29ED25BD00A75CE9 /* OfferCell.xib */; };
		E84253FE29EEBB5900BFC012 /* MyTextField.swift in Sources */ = {isa = PBXBuildFile; fileRef = E84253FD29EEBB5900BFC012 /* MyTextField.swift */; };
		E842540129EEBDAD00BFC012 /* MyTextView.swift in Sources */ = {isa = PBXBuildFile; fileRef = E842540029EEBDAD00BFC012 /* MyTextView.swift */; };
		E847605529DD8E6600031325 /* SongCell.swift in Sources */ = {isa = PBXBuildFile; fileRef = E847605429DD8E6600031325 /* SongCell.swift */; };
		E84D2DCB29E3DC4200C4F59C /* Dictionary+extentions.swift in Sources */ = {isa = PBXBuildFile; fileRef = E84D2DCA29E3DC4200C4F59C /* Dictionary+extentions.swift */; };
		E84D2DCD29E41AA000C4F59C /* ImageDemoViewController.swift in Sources */ = {isa = PBXBuildFile; fileRef = E84D2DCC29E41AA000C4F59C /* ImageDemoViewController.swift */; };
		E84D2DD029E432A700C4F59C /* ContentModeCell.swift in Sources */ = {isa = PBXBuildFile; fileRef = E84D2DCE29E432A700C4F59C /* ContentModeCell.swift */; };
		E84D2DD129E432A700C4F59C /* ContentModeCell.xib in Resources */ = {isa = PBXBuildFile; fileRef = E84D2DCF29E432A700C4F59C /* ContentModeCell.xib */; };
		E86D6DBE29EEA76A0086CD80 /* ScheduleMeeting.storyboard in Resources */ = {isa = PBXBuildFile; fileRef = E86D6DBD29EEA76A0086CD80 /* ScheduleMeeting.storyboard */; };
		E86D6DC129EEA7FE0086CD80 /* ScheduleMetingViewController.swift in Sources */ = {isa = PBXBuildFile; fileRef = E86D6DC029EEA7FE0086CD80 /* ScheduleMetingViewController.swift */; };
		E87B794129EF9E010045C7A5 /* Utils.swift in Sources */ = {isa = PBXBuildFile; fileRef = E87B794029EF9E010045C7A5 /* Utils.swift */; };
		E880850C29DFE647008254DC /* LanguageModel.swift in Sources */ = {isa = PBXBuildFile; fileRef = E880850B29DFE647008254DC /* LanguageModel.swift */; };
		E880850F29DFE9B8008254DC /* LanguageCell.swift in Sources */ = {isa = PBXBuildFile; fileRef = E880850D29DFE9B8008254DC /* LanguageCell.swift */; };
		E880851029DFE9B8008254DC /* LanguageCell.xib in Resources */ = {isa = PBXBuildFile; fileRef = E880850E29DFE9B8008254DC /* LanguageCell.xib */; };
		E8980CCE29DACC2300EF6999 /* MyButton.swift in Sources */ = {isa = PBXBuildFile; fileRef = E8980CCD29DACC2300EF6999 /* MyButton.swift */; };
		E8A01AF729D1545700879A53 /* AutoLayout.storyboard in Resources */ = {isa = PBXBuildFile; fileRef = E8A01AF629D1545700879A53 /* AutoLayout.storyboard */; };
		E8A01AF929D154B100879A53 /* AutoLayoutViewController.swift in Sources */ = {isa = PBXBuildFile; fileRef = E8A01AF829D154B100879A53 /* AutoLayoutViewController.swift */; };
		E8A7C95729DAE8C000C91F5B /* ContainerView.swift in Sources */ = {isa = PBXBuildFile; fileRef = E8A7C95629DAE8C000C91F5B /* ContainerView.swift */; };
		E8A7C95A29DAEA5B00C91F5B /* BackgroundColorDelegate.swift in Sources */ = {isa = PBXBuildFile; fileRef = E8A7C95929DAEA5B00C91F5B /* BackgroundColorDelegate.swift */; };
		E8BDBE0C29DEBCA70094CF21 /* TableViewController.swift in Sources */ = {isa = PBXBuildFile; fileRef = E8BDBE0B29DEBCA70094CF21 /* TableViewController.swift */; };
		E8BDBE1029DEC51B0094CF21 /* TableViewCell.swift in Sources */ = {isa = PBXBuildFile; fileRef = E8BDBE0E29DEC51B0094CF21 /* TableViewCell.swift */; };
		E8BDBE1129DEC51B0094CF21 /* TableViewCell.xib in Resources */ = {isa = PBXBuildFile; fileRef = E8BDBE0F29DEC51B0094CF21 /* TableViewCell.xib */; };
		E8BDBE1429DEE65E0094CF21 /* SwitchSettingCell.swift in Sources */ = {isa = PBXBuildFile; fileRef = E8BDBE1229DEE65E0094CF21 /* SwitchSettingCell.swift */; };
		E8BDBE1529DEE65E0094CF21 /* SwitchSettingCell.xib in Resources */ = {isa = PBXBuildFile; fileRef = E8BDBE1329DEE65E0094CF21 /* SwitchSettingCell.xib */; };
		E8BDBE1729DEE6F50094CF21 /* SettingModel.swift in Sources */ = {isa = PBXBuildFile; fileRef = E8BDBE1629DEE6F50094CF21 /* SettingModel.swift */; };
		E8C210D529E9811D00AC944E /* CustomView.xib in Resources */ = {isa = PBXBuildFile; fileRef = E8C210D429E9811D00AC944E /* CustomView.xib */; };
		E8C210D829ED021000AC944E /* Product.storyboard in Resources */ = {isa = PBXBuildFile; fileRef = E8C210D729ED021000AC944E /* Product.storyboard */; };
		E8C210DC29ED03C600AC944E /* ProductViewController.swift in Sources */ = {isa = PBXBuildFile; fileRef = E8C210DB29ED03C600AC944E /* ProductViewController.swift */; };
		E8C4C6EC29E5376900B4FD58 /* ActivityIndicatorViewController.swift in Sources */ = {isa = PBXBuildFile; fileRef = E8C4C6EB29E5376900B4FD58 /* ActivityIndicatorViewController.swift */; };
		E8C4C6EE29E53D4B00B4FD58 /* WebViewController.swift in Sources */ = {isa = PBXBuildFile; fileRef = E8C4C6ED29E53D4B00B4FD58 /* WebViewController.swift */; };
		E8C9A0B429E030AF00F2376C /* GenreHeaderView.swift in Sources */ = {isa = PBXBuildFile; fileRef = E8C9A0B329E030AF00F2376C /* GenreHeaderView.swift */; };
		E8C9A0B629E0420500F2376C /* SongModel.swift in Sources */ = {isa = PBXBuildFile; fileRef = E8C9A0B529E0420500F2376C /* SongModel.swift */; };
		E8CACEE429ED5204000427D9 /* SizeCell.swift in Sources */ = {isa = PBXBuildFile; fileRef = E8CACEE329ED5204000427D9 /* SizeCell.swift */; };
		E8CACEE629ED58FE000427D9 /* ProductModel.swift in Sources */ = {isa = PBXBuildFile; fileRef = E8CACEE529ED58FE000427D9 /* ProductModel.swift */; };
		E8CBA8CB29F115F00074EC7C /* ScrollViewController.swift in Sources */ = {isa = PBXBuildFile; fileRef = E8CBA8CA29F115F00074EC7C /* ScrollViewController.swift */; };
		E8CBA8CD29F117070074EC7C /* indian_cities.json in Resources */ = {isa = PBXBuildFile; fileRef = E8CBA8CC29F117070074EC7C /* indian_cities.json */; };
		E8CBA8CF29F26B2B0074EC7C /* UIView+extentions.swift in Sources */ = {isa = PBXBuildFile; fileRef = E8CBA8CE29F26B2B0074EC7C /* UIView+extentions.swift */; };
		E8CBA8D129F26BA80074EC7C /* WKWebView+extentions.swift in Sources */ = {isa = PBXBuildFile; fileRef = E8CBA8D029F26BA80074EC7C /* WKWebView+extentions.swift */; };
		E8CBA8D329F26BD70074EC7C /* UIDatePicker+extentions.swift in Sources */ = {isa = PBXBuildFile; fileRef = E8CBA8D229F26BD70074EC7C /* UIDatePicker+extentions.swift */; };
		E8CBA8D529F26CB70074EC7C /* UIColor+extentions.swift in Sources */ = {isa = PBXBuildFile; fileRef = E8CBA8D429F26CB70074EC7C /* UIColor+extentions.swift */; };
		E8D4971129F66103007D5B91 /* DynamicTextViewController.swift in Sources */ = {isa = PBXBuildFile; fileRef = E8D4971029F66103007D5B91 /* DynamicTextViewController.swift */; };
		E8DA41BC299B5C520054C3D1 /* AppDelegate.swift in Sources */ = {isa = PBXBuildFile; fileRef = E8DA41BB299B5C520054C3D1 /* AppDelegate.swift */; };
		E8DA41BE299B5C520054C3D1 /* SceneDelegate.swift in Sources */ = {isa = PBXBuildFile; fileRef = E8DA41BD299B5C520054C3D1 /* SceneDelegate.swift */; };
		E8DA41C0299B5C520054C3D1 /* ViewController.swift in Sources */ = {isa = PBXBuildFile; fileRef = E8DA41BF299B5C520054C3D1 /* ViewController.swift */; };
		E8DA41C3299B5C520054C3D1 /* Main.storyboard in Resources */ = {isa = PBXBuildFile; fileRef = E8DA41C1299B5C520054C3D1 /* Main.storyboard */; };
		E8DA41C5299B5C540054C3D1 /* Assets.xcassets in Resources */ = {isa = PBXBuildFile; fileRef = E8DA41C4299B5C540054C3D1 /* Assets.xcassets */; };
		E8DA41C8299B5C540054C3D1 /* LaunchScreen.storyboard in Resources */ = {isa = PBXBuildFile; fileRef = E8DA41C6299B5C540054C3D1 /* LaunchScreen.storyboard */; };
		E8FD9A7029B0CDBD00E2F879 /* AccessDemo.swift in Sources */ = {isa = PBXBuildFile; fileRef = E8FD9A6F29B0CDBD00E2F879 /* AccessDemo.swift */; };
		E8FD9A7229B1B5A400E2F879 /* AccessDemo2.swift in Sources */ = {isa = PBXBuildFile; fileRef = E8FD9A7129B1B5A400E2F879 /* AccessDemo2.swift */; };
/* End PBXBuildFile section */

/* Begin PBXFileReference section */
		E8022EA029DE8FA300A7BC9B /* MySegmentedControl.swift */ = {isa = PBXFileReference; lastKnownFileType = sourcecode.swift; path = MySegmentedControl.swift; sourceTree = "<group>"; };
		E80DBD1629DD54C60020BB55 /* UIControls.storyboard */ = {isa = PBXFileReference; lastKnownFileType = file.storyboard; path = UIControls.storyboard; sourceTree = "<group>"; };
		E80DBD1829DD55360020BB55 /* StepperViewController.swift */ = {isa = PBXFileReference; lastKnownFileType = sourcecode.swift; path = StepperViewController.swift; sourceTree = "<group>"; };
		E80DBD1A29DD6F240020BB55 /* SegmentedControlViewController.swift */ = {isa = PBXFileReference; lastKnownFileType = sourcecode.swift; path = SegmentedControlViewController.swift; sourceTree = "<group>"; };
		E80DBD1C29DD8BE10020BB55 /* CollectionViewController.swift */ = {isa = PBXFileReference; lastKnownFileType = sourcecode.swift; path = CollectionViewController.swift; sourceTree = "<group>"; };
		E80E996C29F01B04005313C9 /* CombinedScreen.storyboard */ = {isa = PBXFileReference; lastKnownFileType = file.storyboard; path = CombinedScreen.storyboard; sourceTree = "<group>"; };
		E80E996E29F01C08005313C9 /* CombinedScreenViewController.swift */ = {isa = PBXFileReference; lastKnownFileType = sourcecode.swift; path = CombinedScreenViewController.swift; sourceTree = "<group>"; };
		E80E997329F01C78005313C9 /* ComponentCell.swift */ = {isa = PBXFileReference; lastKnownFileType = sourcecode.swift; path = ComponentCell.swift; sourceTree = "<group>"; };
		E80E997429F01C78005313C9 /* ComponentCell.xib */ = {isa = PBXFileReference; lastKnownFileType = file.xib; path = ComponentCell.xib; sourceTree = "<group>"; };
		E814A31C29DE81E700C772C3 /* UIImage+extentions.swift */ = {isa = PBXFileReference; lastKnownFileType = sourcecode.swift; path = "UIImage+extentions.swift"; sourceTree = "<group>"; };
		E822007E29E7C959008CB9A0 /* StackViewController.swift */ = {isa = PBXFileReference; lastKnownFileType = sourcecode.swift; path = StackViewController.swift; sourceTree = "<group>"; };
		E822008029E7CBAC008CB9A0 /* StoryCell.swift */ = {isa = PBXFileReference; lastKnownFileType = sourcecode.swift; path = StoryCell.swift; sourceTree = "<group>"; };
		E822008229E7CBC2008CB9A0 /* FeedCell.swift */ = {isa = PBXFileReference; lastKnownFileType = sourcecode.swift; path = FeedCell.swift; sourceTree = "<group>"; };
		E822008429E805FA008CB9A0 /* PickerViewController.swift */ = {isa = PBXFileReference; lastKnownFileType = sourcecode.swift; path = PickerViewController.swift; sourceTree = "<group>"; };
		E822008829E812C2008CB9A0 /* StateModel.swift */ = {isa = PBXFileReference; lastKnownFileType = sourcecode.swift; path = StateModel.swift; sourceTree = "<group>"; };
		E822008A29E8235A008CB9A0 /* DatePickerViewController.swift */ = {isa = PBXFileReference; lastKnownFileType = sourcecode.swift; path = DatePickerViewController.swift; sourceTree = "<group>"; };
		E822008C29E90C32008CB9A0 /* MapViewController.swift */ = {isa = PBXFileReference; lastKnownFileType = sourcecode.swift; path = MapViewController.swift; sourceTree = "<group>"; };
		E82C8E2429E591D800424E0C /* DescriptionCell.swift */ = {isa = PBXFileReference; lastKnownFileType = sourcecode.swift; path = DescriptionCell.swift; sourceTree = "<group>"; };
		E82C8E2529E591D800424E0C /* DescriptionCell.xib */ = {isa = PBXFileReference; lastKnownFileType = file.xib; path = DescriptionCell.xib; sourceTree = "<group>"; };
		E82C8E2829E67A5300424E0C /* TabBarViewController.swift */ = {isa = PBXFileReference; lastKnownFileType = sourcecode.swift; path = TabBarViewController.swift; sourceTree = "<group>"; };
		E82C8E2A29E691DF00424E0C /* UIControls2.storyboard */ = {isa = PBXFileReference; lastKnownFileType = file.storyboard; path = UIControls2.storyboard; sourceTree = "<group>"; };
		E82C8E2C29E6922400424E0C /* ToolBarViewController.swift */ = {isa = PBXFileReference; lastKnownFileType = sourcecode.swift; path = ToolBarViewController.swift; sourceTree = "<group>"; };
		E82E478F29ED37800066BDAA /* ImageCell.swift */ = {isa = PBXFileReference; lastKnownFileType = sourcecode.swift; path = ImageCell.swift; sourceTree = "<group>"; };
		E830152C29ED25BD00A75CE9 /* OfferCell.swift */ = {isa = PBXFileReference; lastKnownFileType = sourcecode.swift; path = OfferCell.swift; sourceTree = "<group>"; };
		E830152D29ED25BD00A75CE9 /* OfferCell.xib */ = {isa = PBXFileReference; lastKnownFileType = file.xib; path = OfferCell.xib; sourceTree = "<group>"; };
		E84253FD29EEBB5900BFC012 /* MyTextField.swift */ = {isa = PBXFileReference; lastKnownFileType = sourcecode.swift; path = MyTextField.swift; sourceTree = "<group>"; };
		E842540029EEBDAD00BFC012 /* MyTextView.swift */ = {isa = PBXFileReference; lastKnownFileType = sourcecode.swift; path = MyTextView.swift; sourceTree = "<group>"; };
		E847605429DD8E6600031325 /* SongCell.swift */ = {isa = PBXFileReference; lastKnownFileType = sourcecode.swift; path = SongCell.swift; sourceTree = "<group>"; };
		E84D2DCA29E3DC4200C4F59C /* Dictionary+extentions.swift */ = {isa = PBXFileReference; lastKnownFileType = sourcecode.swift; path = "Dictionary+extentions.swift"; sourceTree = "<group>"; };
		E84D2DCC29E41AA000C4F59C /* ImageDemoViewController.swift */ = {isa = PBXFileReference; lastKnownFileType = sourcecode.swift; path = ImageDemoViewController.swift; sourceTree = "<group>"; };
		E84D2DCE29E432A700C4F59C /* ContentModeCell.swift */ = {isa = PBXFileReference; lastKnownFileType = sourcecode.swift; path = ContentModeCell.swift; sourceTree = "<group>"; };
		E84D2DCF29E432A700C4F59C /* ContentModeCell.xib */ = {isa = PBXFileReference; lastKnownFileType = file.xib; path = ContentModeCell.xib; sourceTree = "<group>"; };
		E86D6DBD29EEA76A0086CD80 /* ScheduleMeeting.storyboard */ = {isa = PBXFileReference; lastKnownFileType = file.storyboard; path = ScheduleMeeting.storyboard; sourceTree = "<group>"; };
		E86D6DC029EEA7FE0086CD80 /* ScheduleMetingViewController.swift */ = {isa = PBXFileReference; lastKnownFileType = sourcecode.swift; path = ScheduleMetingViewController.swift; sourceTree = "<group>"; };
		E87B794029EF9E010045C7A5 /* Utils.swift */ = {isa = PBXFileReference; lastKnownFileType = sourcecode.swift; path = Utils.swift; sourceTree = "<group>"; };
		E880850B29DFE647008254DC /* LanguageModel.swift */ = {isa = PBXFileReference; lastKnownFileType = sourcecode.swift; path = LanguageModel.swift; sourceTree = "<group>"; };
		E880850D29DFE9B8008254DC /* LanguageCell.swift */ = {isa = PBXFileReference; lastKnownFileType = sourcecode.swift; path = LanguageCell.swift; sourceTree = "<group>"; };
		E880850E29DFE9B8008254DC /* LanguageCell.xib */ = {isa = PBXFileReference; lastKnownFileType = file.xib; path = LanguageCell.xib; sourceTree = "<group>"; };
		E8980CCD29DACC2300EF6999 /* MyButton.swift */ = {isa = PBXFileReference; lastKnownFileType = sourcecode.swift; path = MyButton.swift; sourceTree = "<group>"; };
		E8A01AF629D1545700879A53 /* AutoLayout.storyboard */ = {isa = PBXFileReference; lastKnownFileType = file.storyboard; path = AutoLayout.storyboard; sourceTree = "<group>"; };
		E8A01AF829D154B100879A53 /* AutoLayoutViewController.swift */ = {isa = PBXFileReference; lastKnownFileType = sourcecode.swift; path = AutoLayoutViewController.swift; sourceTree = "<group>"; };
		E8A7C95629DAE8C000C91F5B /* ContainerView.swift */ = {isa = PBXFileReference; lastKnownFileType = sourcecode.swift; path = ContainerView.swift; sourceTree = "<group>"; };
		E8A7C95929DAEA5B00C91F5B /* BackgroundColorDelegate.swift */ = {isa = PBXFileReference; lastKnownFileType = sourcecode.swift; path = BackgroundColorDelegate.swift; sourceTree = "<group>"; };
		E8AD4C46299E30F800DA99DE /* photograph_signature.ttf */ = {isa = PBXFileReference; lastKnownFileType = file; name = photograph_signature.ttf; path = ../../../../../../Downloads/photograph_signature.ttf; sourceTree = "<group>"; };
		E8BDBE0B29DEBCA70094CF21 /* TableViewController.swift */ = {isa = PBXFileReference; lastKnownFileType = sourcecode.swift; path = TableViewController.swift; sourceTree = "<group>"; };
		E8BDBE0E29DEC51B0094CF21 /* TableViewCell.swift */ = {isa = PBXFileReference; lastKnownFileType = sourcecode.swift; path = TableViewCell.swift; sourceTree = "<group>"; };
		E8BDBE0F29DEC51B0094CF21 /* TableViewCell.xib */ = {isa = PBXFileReference; lastKnownFileType = file.xib; path = TableViewCell.xib; sourceTree = "<group>"; };
		E8BDBE1229DEE65E0094CF21 /* SwitchSettingCell.swift */ = {isa = PBXFileReference; lastKnownFileType = sourcecode.swift; path = SwitchSettingCell.swift; sourceTree = "<group>"; };
		E8BDBE1329DEE65E0094CF21 /* SwitchSettingCell.xib */ = {isa = PBXFileReference; lastKnownFileType = file.xib; path = SwitchSettingCell.xib; sourceTree = "<group>"; };
		E8BDBE1629DEE6F50094CF21 /* SettingModel.swift */ = {isa = PBXFileReference; lastKnownFileType = sourcecode.swift; path = SettingModel.swift; sourceTree = "<group>"; };
		E8C210D429E9811D00AC944E /* CustomView.xib */ = {isa = PBXFileReference; lastKnownFileType = file.xib; path = CustomView.xib; sourceTree = "<group>"; };
		E8C210D729ED021000AC944E /* Product.storyboard */ = {isa = PBXFileReference; lastKnownFileType = file.storyboard; path = Product.storyboard; sourceTree = "<group>"; };
		E8C210DB29ED03C600AC944E /* ProductViewController.swift */ = {isa = PBXFileReference; lastKnownFileType = sourcecode.swift; path = ProductViewController.swift; sourceTree = "<group>"; };
		E8C4C6EB29E5376900B4FD58 /* ActivityIndicatorViewController.swift */ = {isa = PBXFileReference; lastKnownFileType = sourcecode.swift; path = ActivityIndicatorViewController.swift; sourceTree = "<group>"; };
		E8C4C6ED29E53D4B00B4FD58 /* WebViewController.swift */ = {isa = PBXFileReference; lastKnownFileType = sourcecode.swift; path = WebViewController.swift; sourceTree = "<group>"; };
		E8C9A0B329E030AF00F2376C /* GenreHeaderView.swift */ = {isa = PBXFileReference; lastKnownFileType = sourcecode.swift; path = GenreHeaderView.swift; sourceTree = "<group>"; };
		E8C9A0B529E0420500F2376C /* SongModel.swift */ = {isa = PBXFileReference; lastKnownFileType = sourcecode.swift; name = SongModel.swift; path = Demo/UIControls/Models/SongModel.swift; sourceTree = SOURCE_ROOT; };
		E8CACEE329ED5204000427D9 /* SizeCell.swift */ = {isa = PBXFileReference; lastKnownFileType = sourcecode.swift; path = SizeCell.swift; sourceTree = "<group>"; };
		E8CACEE529ED58FE000427D9 /* ProductModel.swift */ = {isa = PBXFileReference; lastKnownFileType = sourcecode.swift; path = ProductModel.swift; sourceTree = "<group>"; };
		E8CBA8CA29F115F00074EC7C /* ScrollViewController.swift */ = {isa = PBXFileReference; lastKnownFileType = sourcecode.swift; path = ScrollViewController.swift; sourceTree = "<group>"; };
		E8CBA8CC29F117070074EC7C /* indian_cities.json */ = {isa = PBXFileReference; fileEncoding = 4; lastKnownFileType = text.json; path = indian_cities.json; sourceTree = "<group>"; };
		E8CBA8CE29F26B2B0074EC7C /* UIView+extentions.swift */ = {isa = PBXFileReference; lastKnownFileType = sourcecode.swift; path = "UIView+extentions.swift"; sourceTree = "<group>"; };
		E8CBA8D029F26BA80074EC7C /* WKWebView+extentions.swift */ = {isa = PBXFileReference; lastKnownFileType = sourcecode.swift; path = "WKWebView+extentions.swift"; sourceTree = "<group>"; };
		E8CBA8D229F26BD70074EC7C /* UIDatePicker+extentions.swift */ = {isa = PBXFileReference; lastKnownFileType = sourcecode.swift; path = "UIDatePicker+extentions.swift"; sourceTree = "<group>"; };
		E8CBA8D429F26CB70074EC7C /* UIColor+extentions.swift */ = {isa = PBXFileReference; lastKnownFileType = sourcecode.swift; path = "UIColor+extentions.swift"; sourceTree = "<group>"; };
		E8D4971029F66103007D5B91 /* DynamicTextViewController.swift */ = {isa = PBXFileReference; lastKnownFileType = sourcecode.swift; path = DynamicTextViewController.swift; sourceTree = "<group>"; };
		E8DA41B8299B5C520054C3D1 /* Demo.app */ = {isa = PBXFileReference; explicitFileType = wrapper.application; includeInIndex = 0; path = Demo.app; sourceTree = BUILT_PRODUCTS_DIR; };
		E8DA41BB299B5C520054C3D1 /* AppDelegate.swift */ = {isa = PBXFileReference; lastKnownFileType = sourcecode.swift; path = AppDelegate.swift; sourceTree = "<group>"; };
		E8DA41BD299B5C520054C3D1 /* SceneDelegate.swift */ = {isa = PBXFileReference; lastKnownFileType = sourcecode.swift; path = SceneDelegate.swift; sourceTree = "<group>"; };
		E8DA41BF299B5C520054C3D1 /* ViewController.swift */ = {isa = PBXFileReference; lastKnownFileType = sourcecode.swift; path = ViewController.swift; sourceTree = "<group>"; };
		E8DA41C2299B5C520054C3D1 /* Base */ = {isa = PBXFileReference; lastKnownFileType = file.storyboard; name = Base; path = Base.lproj/Main.storyboard; sourceTree = "<group>"; };
		E8DA41C4299B5C540054C3D1 /* Assets.xcassets */ = {isa = PBXFileReference; lastKnownFileType = folder.assetcatalog; path = Assets.xcassets; sourceTree = "<group>"; };
		E8DA41C7299B5C540054C3D1 /* Base */ = {isa = PBXFileReference; lastKnownFileType = file.storyboard; name = Base; path = Base.lproj/LaunchScreen.storyboard; sourceTree = "<group>"; };
		E8DA41C9299B5C540054C3D1 /* Info.plist */ = {isa = PBXFileReference; lastKnownFileType = text.plist.xml; path = Info.plist; sourceTree = "<group>"; };
		E8FD9A6F29B0CDBD00E2F879 /* AccessDemo.swift */ = {isa = PBXFileReference; lastKnownFileType = sourcecode.swift; path = AccessDemo.swift; sourceTree = "<group>"; };
		E8FD9A7129B1B5A400E2F879 /* AccessDemo2.swift */ = {isa = PBXFileReference; lastKnownFileType = sourcecode.swift; path = AccessDemo2.swift; sourceTree = "<group>"; };
/* End PBXFileReference section */

/* Begin PBXFrameworksBuildPhase section */
		E8DA41B5299B5C520054C3D1 /* Frameworks */ = {
			isa = PBXFrameworksBuildPhase;
			buildActionMask = 2147483647;
			files = (
			);
			runOnlyForDeploymentPostprocessing = 0;
		};
/* End PBXFrameworksBuildPhase section */

/* Begin PBXGroup section */
		E80E996B29F01ADD005313C9 /* CombineScreens */ = {
			isa = PBXGroup;
			children = (
				E80E997029F01C2A005313C9 /* Cells */,
				E80E996C29F01B04005313C9 /* CombinedScreen.storyboard */,
				E80E996E29F01C08005313C9 /* CombinedScreenViewController.swift */,
			);
			path = CombineScreens;
			sourceTree = "<group>";
		};
		E80E997029F01C2A005313C9 /* Cells */ = {
			isa = PBXGroup;
			children = (
				E80E997329F01C78005313C9 /* ComponentCell.swift */,
				E80E997429F01C78005313C9 /* ComponentCell.xib */,
			);
			path = Cells;
			sourceTree = "<group>";
		};
		E814A31B29DE81C200C772C3 /* Extentions */ = {
			isa = PBXGroup;
			children = (
				E8CBA8CC29F117070074EC7C /* indian_cities.json */,
				E8CBA8D229F26BD70074EC7C /* UIDatePicker+extentions.swift */,
				E8CBA8D429F26CB70074EC7C /* UIColor+extentions.swift */,
				E8CBA8D029F26BA80074EC7C /* WKWebView+extentions.swift */,
				E814A31C29DE81E700C772C3 /* UIImage+extentions.swift */,
				E84D2DCA29E3DC4200C4F59C /* Dictionary+extentions.swift */,
				E8CBA8CE29F26B2B0074EC7C /* UIView+extentions.swift */,
			);
			path = Extentions;
			sourceTree = "<group>";
		};
		E830152B29ED259F00A75CE9 /* Cells */ = {
			isa = PBXGroup;
			children = (
				E830152C29ED25BD00A75CE9 /* OfferCell.swift */,
				E830152D29ED25BD00A75CE9 /* OfferCell.xib */,
				E82E478F29ED37800066BDAA /* ImageCell.swift */,
				E8CACEE329ED5204000427D9 /* SizeCell.swift */,
			);
			path = Cells;
			sourceTree = "<group>";
		};
		E84253FF29EEBB5F00BFC012 /* View */ = {
			isa = PBXGroup;
			children = (
				E84253FD29EEBB5900BFC012 /* MyTextField.swift */,
				E842540029EEBDAD00BFC012 /* MyTextView.swift */,
			);
			path = View;
			sourceTree = "<group>";
		};
		E86D6DBC29EEA74C0086CD80 /* MeetingScreen */ = {
			isa = PBXGroup;
			children = (
				E86D6DBF29EEA7DC0086CD80 /* ViewControllers */,
				E86D6DBD29EEA76A0086CD80 /* ScheduleMeeting.storyboard */,
				E84253FF29EEBB5F00BFC012 /* View */,
				E87B794029EF9E010045C7A5 /* Utils.swift */,
			);
			path = MeetingScreen;
			sourceTree = "<group>";
		};
		E86D6DBF29EEA7DC0086CD80 /* ViewControllers */ = {
			isa = PBXGroup;
			children = (
				E86D6DC029EEA7FE0086CD80 /* ScheduleMetingViewController.swift */,
			);
			path = ViewControllers;
			sourceTree = "<group>";
		};
		E880850929DFE4FC008254DC /* ViewControllers */ = {
			isa = PBXGroup;
			children = (
				E80DBD1C29DD8BE10020BB55 /* CollectionViewController.swift */,
				E8D4971029F66103007D5B91 /* DynamicTextViewController.swift */,
				E80DBD1829DD55360020BB55 /* StepperViewController.swift */,
				E80DBD1A29DD6F240020BB55 /* SegmentedControlViewController.swift */,
				E822007E29E7C959008CB9A0 /* StackViewController.swift */,
				E8BDBE0B29DEBCA70094CF21 /* TableViewController.swift */,
				E84D2DCC29E41AA000C4F59C /* ImageDemoViewController.swift */,
				E8C4C6EB29E5376900B4FD58 /* ActivityIndicatorViewController.swift */,
				E8C4C6ED29E53D4B00B4FD58 /* WebViewController.swift */,
				E82C8E2829E67A5300424E0C /* TabBarViewController.swift */,
				E82C8E2C29E6922400424E0C /* ToolBarViewController.swift */,
				E822008429E805FA008CB9A0 /* PickerViewController.swift */,
				E822008A29E8235A008CB9A0 /* DatePickerViewController.swift */,
				E822008C29E90C32008CB9A0 /* MapViewController.swift */,
				E8CBA8CA29F115F00074EC7C /* ScrollViewController.swift */,
			);
			path = ViewControllers;
			sourceTree = "<group>";
		};
		E880850A29DFE635008254DC /* Models */ = {
			isa = PBXGroup;
			children = (
				E8C9A0B529E0420500F2376C /* SongModel.swift */,
				E8BDBE1629DEE6F50094CF21 /* SettingModel.swift */,
				E880850B29DFE647008254DC /* LanguageModel.swift */,
				E822008829E812C2008CB9A0 /* StateModel.swift */,
			);
			path = Models;
			sourceTree = "<group>";
		};
		E8A7C95829DAE99400C91F5B /* UIControls */ = {
			isa = PBXGroup;
			children = (
				E80E996B29F01ADD005313C9 /* CombineScreens */,
				E86D6DBC29EEA74C0086CD80 /* MeetingScreen */,
				E8C210D629ED01A800AC944E /* FlipkartScreen */,
				E8BDBE0D29DEC4D10094CF21 /* Cells */,
				E8A7C95629DAE8C000C91F5B /* ContainerView.swift */,
				E8980CCD29DACC2300EF6999 /* MyButton.swift */,
				E880850929DFE4FC008254DC /* ViewControllers */,
				E8A7C95929DAEA5B00C91F5B /* BackgroundColorDelegate.swift */,
				E80DBD1629DD54C60020BB55 /* UIControls.storyboard */,
				E82C8E2A29E691DF00424E0C /* UIControls2.storyboard */,
				E8C210D429E9811D00AC944E /* CustomView.xib */,
				E8022EA029DE8FA300A7BC9B /* MySegmentedControl.swift */,
				E880850A29DFE635008254DC /* Models */,
			);
			path = UIControls;
			sourceTree = "<group>";
		};
		E8AD4C45299E30D000DA99DE /* fonts */ = {
			isa = PBXGroup;
			children = (
				E8AD4C46299E30F800DA99DE /* photograph_signature.ttf */,
			);
			path = fonts;
			sourceTree = "<group>";
		};
		E8BDBE0D29DEC4D10094CF21 /* Cells */ = {
			isa = PBXGroup;
			children = (
				E8BDBE0E29DEC51B0094CF21 /* TableViewCell.swift */,
				E847605429DD8E6600031325 /* SongCell.swift */,
				E8BDBE0F29DEC51B0094CF21 /* TableViewCell.xib */,
				E8BDBE1229DEE65E0094CF21 /* SwitchSettingCell.swift */,
				E8BDBE1329DEE65E0094CF21 /* SwitchSettingCell.xib */,
				E880850D29DFE9B8008254DC /* LanguageCell.swift */,
				E880850E29DFE9B8008254DC /* LanguageCell.xib */,
				E8C9A0B329E030AF00F2376C /* GenreHeaderView.swift */,
				E84D2DCE29E432A700C4F59C /* ContentModeCell.swift */,
				E84D2DCF29E432A700C4F59C /* ContentModeCell.xib */,
				E82C8E2429E591D800424E0C /* DescriptionCell.swift */,
				E82C8E2529E591D800424E0C /* DescriptionCell.xib */,
				E822008029E7CBAC008CB9A0 /* StoryCell.swift */,
				E822008229E7CBC2008CB9A0 /* FeedCell.swift */,
			);
			path = Cells;
			sourceTree = "<group>";
		};
		E8C210D629ED01A800AC944E /* FlipkartScreen */ = {
			isa = PBXGroup;
			children = (
				E830152B29ED259F00A75CE9 /* Cells */,
				E8C210DA29ED039C00AC944E /* Models */,
				E8C210D929ED038D00AC944E /* ViewControllers */,
				E8C210D729ED021000AC944E /* Product.storyboard */,
			);
			path = FlipkartScreen;
			sourceTree = "<group>";
		};
		E8C210D929ED038D00AC944E /* ViewControllers */ = {
			isa = PBXGroup;
			children = (
				E8C210DB29ED03C600AC944E /* ProductViewController.swift */,
			);
			path = ViewControllers;
			sourceTree = "<group>";
		};
		E8C210DA29ED039C00AC944E /* Models */ = {
			isa = PBXGroup;
			children = (
				E8CACEE529ED58FE000427D9 /* ProductModel.swift */,
			);
			path = Models;
			sourceTree = "<group>";
		};
		E8DA41AF299B5C520054C3D1 = {
			isa = PBXGroup;
			children = (
				E8DA41BA299B5C520054C3D1 /* Demo */,
				E8DA41B9299B5C520054C3D1 /* Products */,
			);
			sourceTree = "<group>";
		};
		E8DA41B9299B5C520054C3D1 /* Products */ = {
			isa = PBXGroup;
			children = (
				E8DA41B8299B5C520054C3D1 /* Demo.app */,
			);
			name = Products;
			sourceTree = "<group>";
		};
		E8DA41BA299B5C520054C3D1 /* Demo */ = {
			isa = PBXGroup;
			children = (
				E814A31B29DE81C200C772C3 /* Extentions */,
				E8FD9A6E29B0CD8300E2F879 /* access_level_demo */,
				E8AD4C45299E30D000DA99DE /* fonts */,
				E8DA41BB299B5C520054C3D1 /* AppDelegate.swift */,
				E8DA41BD299B5C520054C3D1 /* SceneDelegate.swift */,
				E8DA41BF299B5C520054C3D1 /* ViewController.swift */,
				E8DA41C1299B5C520054C3D1 /* Main.storyboard */,
				E8DA41C4299B5C540054C3D1 /* Assets.xcassets */,
				E8DA41C6299B5C540054C3D1 /* LaunchScreen.storyboard */,
				E8DA41C9299B5C540054C3D1 /* Info.plist */,
				E8A01AF629D1545700879A53 /* AutoLayout.storyboard */,
				E8A7C95829DAE99400C91F5B /* UIControls */,
				E8A01AF829D154B100879A53 /* AutoLayoutViewController.swift */,
			);
			path = Demo;
			sourceTree = "<group>";
		};
		E8FD9A6E29B0CD8300E2F879 /* access_level_demo */ = {
			isa = PBXGroup;
			children = (
				E8FD9A6F29B0CDBD00E2F879 /* AccessDemo.swift */,
				E8FD9A7129B1B5A400E2F879 /* AccessDemo2.swift */,
			);
			path = access_level_demo;
			sourceTree = "<group>";
		};
/* End PBXGroup section */

/* Begin PBXNativeTarget section */
		E8DA41B7299B5C520054C3D1 /* Demo */ = {
			isa = PBXNativeTarget;
			buildConfigurationList = E8DA41CC299B5C540054C3D1 /* Build configuration list for PBXNativeTarget "Demo" */;
			buildPhases = (
				E8DA41B4299B5C520054C3D1 /* Sources */,
				E8DA41B5299B5C520054C3D1 /* Frameworks */,
				E8DA41B6299B5C520054C3D1 /* Resources */,
			);
			buildRules = (
			);
			dependencies = (
			);
			name = Demo;
			productName = Demo;
			productReference = E8DA41B8299B5C520054C3D1 /* Demo.app */;
			productType = "com.apple.product-type.application";
		};
/* End PBXNativeTarget section */

/* Begin PBXProject section */
		E8DA41B0299B5C520054C3D1 /* Project object */ = {
			isa = PBXProject;
			attributes = {
				BuildIndependentTargetsInParallel = 1;
				LastSwiftUpdateCheck = 1420;
				LastUpgradeCheck = 1420;
				TargetAttributes = {
					E8DA41B7299B5C520054C3D1 = {
						CreatedOnToolsVersion = 14.2;
					};
				};
			};
			buildConfigurationList = E8DA41B3299B5C520054C3D1 /* Build configuration list for PBXProject "Demo" */;
			compatibilityVersion = "Xcode 14.0";
			developmentRegion = en;
			hasScannedForEncodings = 0;
			knownRegions = (
				en,
				Base,
			);
			mainGroup = E8DA41AF299B5C520054C3D1;
			productRefGroup = E8DA41B9299B5C520054C3D1 /* Products */;
			projectDirPath = "";
			projectRoot = "";
			targets = (
				E8DA41B7299B5C520054C3D1 /* Demo */,
			);
		};
/* End PBXProject section */

/* Begin PBXResourcesBuildPhase section */
		E8DA41B6299B5C520054C3D1 /* Resources */ = {
			isa = PBXResourcesBuildPhase;
			buildActionMask = 2147483647;
			files = (
				E80DBD1729DD54C60020BB55 /* UIControls.storyboard in Resources */,
				E8BDBE1129DEC51B0094CF21 /* TableViewCell.xib in Resources */,
				E8C210D829ED021000AC944E /* Product.storyboard in Resources */,
				E8BDBE1529DEE65E0094CF21 /* SwitchSettingCell.xib in Resources */,
				E84D2DD129E432A700C4F59C /* ContentModeCell.xib in Resources */,
				E830152F29ED25BD00A75CE9 /* OfferCell.xib in Resources */,
				E8C210D529E9811D00AC944E /* CustomView.xib in Resources */,
				E8CBA8CD29F117070074EC7C /* indian_cities.json in Resources */,
				E86D6DBE29EEA76A0086CD80 /* ScheduleMeeting.storyboard in Resources */,
				E82C8E2B29E691DF00424E0C /* UIControls2.storyboard in Resources */,
				E80E996D29F01B04005313C9 /* CombinedScreen.storyboard in Resources */,
				E8DA41C8299B5C540054C3D1 /* LaunchScreen.storyboard in Resources */,
				E8DA41C5299B5C540054C3D1 /* Assets.xcassets in Resources */,
				E82C8E2729E591D800424E0C /* DescriptionCell.xib in Resources */,
				E880851029DFE9B8008254DC /* LanguageCell.xib in Resources */,
				E8DA41C3299B5C520054C3D1 /* Main.storyboard in Resources */,
				E8A01AF729D1545700879A53 /* AutoLayout.storyboard in Resources */,
				E80E997629F01C78005313C9 /* ComponentCell.xib in Resources */,
			);
			runOnlyForDeploymentPostprocessing = 0;
		};
/* End PBXResourcesBuildPhase section */

/* Begin PBXSourcesBuildPhase section */
		E8DA41B4299B5C520054C3D1 /* Sources */ = {
			isa = PBXSourcesBuildPhase;
			buildActionMask = 2147483647;
			files = (
				E80DBD1D29DD8BE10020BB55 /* CollectionViewController.swift in Sources */,
				E8C4C6EC29E5376900B4FD58 /* ActivityIndicatorViewController.swift in Sources */,
				E8C9A0B429E030AF00F2376C /* GenreHeaderView.swift in Sources */,
				E8D4971129F66103007D5B91 /* DynamicTextViewController.swift in Sources */,
				E80DBD1929DD55360020BB55 /* StepperViewController.swift in Sources */,
				E8DA41C0299B5C520054C3D1 /* ViewController.swift in Sources */,
				E86D6DC129EEA7FE0086CD80 /* ScheduleMetingViewController.swift in Sources */,
				E82E479029ED37800066BDAA /* ImageCell.swift in Sources */,
				E822008529E805FB008CB9A0 /* PickerViewController.swift in Sources */,
				E8CACEE629ED58FE000427D9 /* ProductModel.swift in Sources */,
				E830152E29ED25BD00A75CE9 /* OfferCell.swift in Sources */,
				E84D2DD029E432A700C4F59C /* ContentModeCell.swift in Sources */,
				E822008D29E90C32008CB9A0 /* MapViewController.swift in Sources */,
				E8CBA8D329F26BD70074EC7C /* UIDatePicker+extentions.swift in Sources */,
				E8DA41BC299B5C520054C3D1 /* AppDelegate.swift in Sources */,
				E8FD9A7229B1B5A400E2F879 /* AccessDemo2.swift in Sources */,
				E8FD9A7029B0CDBD00E2F879 /* AccessDemo.swift in Sources */,
				E822007F29E7C959008CB9A0 /* StackViewController.swift in Sources */,
				E8A7C95729DAE8C000C91F5B /* ContainerView.swift in Sources */,
				E842540129EEBDAD00BFC012 /* MyTextView.swift in Sources */,
				E84253FE29EEBB5900BFC012 /* MyTextField.swift in Sources */,
				E8980CCE29DACC2300EF6999 /* MyButton.swift in Sources */,
				E822008929E812C2008CB9A0 /* StateModel.swift in Sources */,
				E8C4C6EE29E53D4B00B4FD58 /* WebViewController.swift in Sources */,
				E80E996F29F01C08005313C9 /* CombinedScreenViewController.swift in Sources */,
				E8BDBE1729DEE6F50094CF21 /* SettingModel.swift in Sources */,
				E87B794129EF9E010045C7A5 /* Utils.swift in Sources */,
				E8BDBE1429DEE65E0094CF21 /* SwitchSettingCell.swift in Sources */,
				E8CACEE429ED5204000427D9 /* SizeCell.swift in Sources */,
				E847605529DD8E6600031325 /* SongCell.swift in Sources */,
				E8022EA129DE8FA300A7BC9B /* MySegmentedControl.swift in Sources */,
				E880850F29DFE9B8008254DC /* LanguageCell.swift in Sources */,
				E82C8E2D29E6922400424E0C /* ToolBarViewController.swift in Sources */,
				E822008329E7CBC2008CB9A0 /* FeedCell.swift in Sources */,
				E8CBA8D529F26CB70074EC7C /* UIColor+extentions.swift in Sources */,
				E80DBD1B29DD6F240020BB55 /* SegmentedControlViewController.swift in Sources */,
				E822008B29E8235A008CB9A0 /* DatePickerViewController.swift in Sources */,
				E822008129E7CBAC008CB9A0 /* StoryCell.swift in Sources */,
				E84D2DCB29E3DC4200C4F59C /* Dictionary+extentions.swift in Sources */,
				E8BDBE0C29DEBCA70094CF21 /* TableViewController.swift in Sources */,
				E8CBA8D129F26BA80074EC7C /* WKWebView+extentions.swift in Sources */,
				E8C9A0B629E0420500F2376C /* SongModel.swift in Sources */,
				E814A31D29DE81E800C772C3 /* UIImage+extentions.swift in Sources */,
				E8A7C95A29DAEA5B00C91F5B /* BackgroundColorDelegate.swift in Sources */,
				E8BDBE1029DEC51B0094CF21 /* TableViewCell.swift in Sources */,
				E82C8E2629E591D800424E0C /* DescriptionCell.swift in Sources */,
				E8CBA8CB29F115F00074EC7C /* ScrollViewController.swift in Sources */,
				E8DA41BE299B5C520054C3D1 /* SceneDelegate.swift in Sources */,
				E84D2DCD29E41AA000C4F59C /* ImageDemoViewController.swift in Sources */,
				E8A01AF929D154B100879A53 /* AutoLayoutViewController.swift in Sources */,
				E8CBA8CF29F26B2B0074EC7C /* UIView+extentions.swift in Sources */,
				E82C8E2929E67A5300424E0C /* TabBarViewController.swift in Sources */,
				E80E997529F01C78005313C9 /* ComponentCell.swift in Sources */,
				E8C210DC29ED03C600AC944E /* ProductViewController.swift in Sources */,
				E880850C29DFE647008254DC /* LanguageModel.swift in Sources */,
			);
			runOnlyForDeploymentPostprocessing = 0;
		};
/* End PBXSourcesBuildPhase section */

/* Begin PBXVariantGroup section */
		E8DA41C1299B5C520054C3D1 /* Main.storyboard */ = {
			isa = PBXVariantGroup;
			children = (
				E8DA41C2299B5C520054C3D1 /* Base */,
			);
			name = Main.storyboard;
			sourceTree = "<group>";
		};
		E8DA41C6299B5C540054C3D1 /* LaunchScreen.storyboard */ = {
			isa = PBXVariantGroup;
			children = (
				E8DA41C7299B5C540054C3D1 /* Base */,
			);
			name = LaunchScreen.storyboard;
			sourceTree = "<group>";
		};
/* End PBXVariantGroup section */

/* Begin XCBuildConfiguration section */
		E8DA41CA299B5C540054C3D1 /* Debug */ = {
			isa = XCBuildConfiguration;
			buildSettings = {
				ALWAYS_SEARCH_USER_PATHS = NO;
				CLANG_ANALYZER_NONNULL = YES;
				CLANG_ANALYZER_NUMBER_OBJECT_CONVERSION = YES_AGGRESSIVE;
				CLANG_CXX_LANGUAGE_STANDARD = "gnu++20";
				CLANG_ENABLE_MODULES = YES;
				CLANG_ENABLE_OBJC_ARC = YES;
				CLANG_ENABLE_OBJC_WEAK = YES;
				CLANG_WARN_BLOCK_CAPTURE_AUTORELEASING = YES;
				CLANG_WARN_BOOL_CONVERSION = YES;
				CLANG_WARN_COMMA = YES;
				CLANG_WARN_CONSTANT_CONVERSION = YES;
				CLANG_WARN_DEPRECATED_OBJC_IMPLEMENTATIONS = YES;
				CLANG_WARN_DIRECT_OBJC_ISA_USAGE = YES_ERROR;
				CLANG_WARN_DOCUMENTATION_COMMENTS = YES;
				CLANG_WARN_EMPTY_BODY = YES;
				CLANG_WARN_ENUM_CONVERSION = YES;
				CLANG_WARN_INFINITE_RECURSION = YES;
				CLANG_WARN_INT_CONVERSION = YES;
				CLANG_WARN_NON_LITERAL_NULL_CONVERSION = YES;
				CLANG_WARN_OBJC_IMPLICIT_RETAIN_SELF = YES;
				CLANG_WARN_OBJC_LITERAL_CONVERSION = YES;
				CLANG_WARN_OBJC_ROOT_CLASS = YES_ERROR;
				CLANG_WARN_QUOTED_INCLUDE_IN_FRAMEWORK_HEADER = YES;
				CLANG_WARN_RANGE_LOOP_ANALYSIS = YES;
				CLANG_WARN_STRICT_PROTOTYPES = YES;
				CLANG_WARN_SUSPICIOUS_MOVE = YES;
				CLANG_WARN_UNGUARDED_AVAILABILITY = YES_AGGRESSIVE;
				CLANG_WARN_UNREACHABLE_CODE = YES;
				CLANG_WARN__DUPLICATE_METHOD_MATCH = YES;
				COPY_PHASE_STRIP = NO;
				DEBUG_INFORMATION_FORMAT = dwarf;
				ENABLE_STRICT_OBJC_MSGSEND = YES;
				ENABLE_TESTABILITY = YES;
				GCC_C_LANGUAGE_STANDARD = gnu11;
				GCC_DYNAMIC_NO_PIC = NO;
				GCC_NO_COMMON_BLOCKS = YES;
				GCC_OPTIMIZATION_LEVEL = 0;
				GCC_PREPROCESSOR_DEFINITIONS = (
					"DEBUG=1",
					"$(inherited)",
				);
				GCC_WARN_64_TO_32_BIT_CONVERSION = YES;
				GCC_WARN_ABOUT_RETURN_TYPE = YES_ERROR;
				GCC_WARN_UNDECLARED_SELECTOR = YES;
				GCC_WARN_UNINITIALIZED_AUTOS = YES_AGGRESSIVE;
				GCC_WARN_UNUSED_FUNCTION = YES;
				GCC_WARN_UNUSED_VARIABLE = YES;
				IPHONEOS_DEPLOYMENT_TARGET = 16.2;
				MTL_ENABLE_DEBUG_INFO = INCLUDE_SOURCE;
				MTL_FAST_MATH = YES;
				ONLY_ACTIVE_ARCH = YES;
				SDKROOT = iphoneos;
				SWIFT_ACTIVE_COMPILATION_CONDITIONS = DEBUG;
				SWIFT_OPTIMIZATION_LEVEL = "-Onone";
			};
			name = Debug;
		};
		E8DA41CB299B5C540054C3D1 /* Release */ = {
			isa = XCBuildConfiguration;
			buildSettings = {
				ALWAYS_SEARCH_USER_PATHS = NO;
				CLANG_ANALYZER_NONNULL = YES;
				CLANG_ANALYZER_NUMBER_OBJECT_CONVERSION = YES_AGGRESSIVE;
				CLANG_CXX_LANGUAGE_STANDARD = "gnu++20";
				CLANG_ENABLE_MODULES = YES;
				CLANG_ENABLE_OBJC_ARC = YES;
				CLANG_ENABLE_OBJC_WEAK = YES;
				CLANG_WARN_BLOCK_CAPTURE_AUTORELEASING = YES;
				CLANG_WARN_BOOL_CONVERSION = YES;
				CLANG_WARN_COMMA = YES;
				CLANG_WARN_CONSTANT_CONVERSION = YES;
				CLANG_WARN_DEPRECATED_OBJC_IMPLEMENTATIONS = YES;
				CLANG_WARN_DIRECT_OBJC_ISA_USAGE = YES_ERROR;
				CLANG_WARN_DOCUMENTATION_COMMENTS = YES;
				CLANG_WARN_EMPTY_BODY = YES;
				CLANG_WARN_ENUM_CONVERSION = YES;
				CLANG_WARN_INFINITE_RECURSION = YES;
				CLANG_WARN_INT_CONVERSION = YES;
				CLANG_WARN_NON_LITERAL_NULL_CONVERSION = YES;
				CLANG_WARN_OBJC_IMPLICIT_RETAIN_SELF = YES;
				CLANG_WARN_OBJC_LITERAL_CONVERSION = YES;
				CLANG_WARN_OBJC_ROOT_CLASS = YES_ERROR;
				CLANG_WARN_QUOTED_INCLUDE_IN_FRAMEWORK_HEADER = YES;
				CLANG_WARN_RANGE_LOOP_ANALYSIS = YES;
				CLANG_WARN_STRICT_PROTOTYPES = YES;
				CLANG_WARN_SUSPICIOUS_MOVE = YES;
				CLANG_WARN_UNGUARDED_AVAILABILITY = YES_AGGRESSIVE;
				CLANG_WARN_UNREACHABLE_CODE = YES;
				CLANG_WARN__DUPLICATE_METHOD_MATCH = YES;
				COPY_PHASE_STRIP = NO;
				DEBUG_INFORMATION_FORMAT = "dwarf-with-dsym";
				ENABLE_NS_ASSERTIONS = NO;
				ENABLE_STRICT_OBJC_MSGSEND = YES;
				GCC_C_LANGUAGE_STANDARD = gnu11;
				GCC_NO_COMMON_BLOCKS = YES;
				GCC_WARN_64_TO_32_BIT_CONVERSION = YES;
				GCC_WARN_ABOUT_RETURN_TYPE = YES_ERROR;
				GCC_WARN_UNDECLARED_SELECTOR = YES;
				GCC_WARN_UNINITIALIZED_AUTOS = YES_AGGRESSIVE;
				GCC_WARN_UNUSED_FUNCTION = YES;
				GCC_WARN_UNUSED_VARIABLE = YES;
				IPHONEOS_DEPLOYMENT_TARGET = 16.2;
				MTL_ENABLE_DEBUG_INFO = NO;
				MTL_FAST_MATH = YES;
				SDKROOT = iphoneos;
				SWIFT_COMPILATION_MODE = wholemodule;
				SWIFT_OPTIMIZATION_LEVEL = "-O";
				VALIDATE_PRODUCT = YES;
			};
			name = Release;
		};
		E8DA41CD299B5C540054C3D1 /* Debug */ = {
			isa = XCBuildConfiguration;
			buildSettings = {
				ASSETCATALOG_COMPILER_APPICON_NAME = AppIcon;
				ASSETCATALOG_COMPILER_GLOBAL_ACCENT_COLOR_NAME = AccentColor;
				CODE_SIGN_STYLE = Automatic;
				CURRENT_PROJECT_VERSION = 1;
				GENERATE_INFOPLIST_FILE = YES;
				INFOPLIST_FILE = Demo/Info.plist;
				INFOPLIST_KEY_LSApplicationCategoryType = "";
				INFOPLIST_KEY_NSLocationWhenInUseUsageDescription = "To show your location";
				INFOPLIST_KEY_UIApplicationSupportsIndirectInputEvents = YES;
				INFOPLIST_KEY_UILaunchStoryboardName = LaunchScreen;
				INFOPLIST_KEY_UIMainStoryboardFile = CombinedScreen;
				INFOPLIST_KEY_UISupportedInterfaceOrientations_iPad = "UIInterfaceOrientationPortrait UIInterfaceOrientationPortraitUpsideDown UIInterfaceOrientationLandscapeLeft UIInterfaceOrientationLandscapeRight";
				INFOPLIST_KEY_UISupportedInterfaceOrientations_iPhone = "UIInterfaceOrientationPortrait UIInterfaceOrientationLandscapeLeft UIInterfaceOrientationLandscapeRight";
				LD_RUNPATH_SEARCH_PATHS = (
					"$(inherited)",
					"@executable_path/Frameworks",
				);
				MARKETING_VERSION = 1.0;
				PRODUCT_BUNDLE_IDENTIFIER = com.krunal.Demo;
				PRODUCT_NAME = "$(TARGET_NAME)";
				SWIFT_EMIT_LOC_STRINGS = YES;
				SWIFT_VERSION = 5.0;
				TARGETED_DEVICE_FAMILY = "1,2";
			};
			name = Debug;
		};
		E8DA41CE299B5C540054C3D1 /* Release */ = {
			isa = XCBuildConfiguration;
			buildSettings = {
				ASSETCATALOG_COMPILER_APPICON_NAME = AppIcon;
				ASSETCATALOG_COMPILER_GLOBAL_ACCENT_COLOR_NAME = AccentColor;
				CODE_SIGN_STYLE = Automatic;
				CURRENT_PROJECT_VERSION = 1;
				GENERATE_INFOPLIST_FILE = YES;
				INFOPLIST_FILE = Demo/Info.plist;
				INFOPLIST_KEY_LSApplicationCategoryType = "";
				INFOPLIST_KEY_NSLocationWhenInUseUsageDescription = "To show your location";
				INFOPLIST_KEY_UIApplicationSupportsIndirectInputEvents = YES;
				INFOPLIST_KEY_UILaunchStoryboardName = LaunchScreen;
				INFOPLIST_KEY_UIMainStoryboardFile = CombinedScreen;
				INFOPLIST_KEY_UISupportedInterfaceOrientations_iPad = "UIInterfaceOrientationPortrait UIInterfaceOrientationPortraitUpsideDown UIInterfaceOrientationLandscapeLeft UIInterfaceOrientationLandscapeRight";
				INFOPLIST_KEY_UISupportedInterfaceOrientations_iPhone = "UIInterfaceOrientationPortrait UIInterfaceOrientationLandscapeLeft UIInterfaceOrientationLandscapeRight";
				LD_RUNPATH_SEARCH_PATHS = (
					"$(inherited)",
					"@executable_path/Frameworks",
				);
				MARKETING_VERSION = 1.0;
				PRODUCT_BUNDLE_IDENTIFIER = com.krunal.Demo;
				PRODUCT_NAME = "$(TARGET_NAME)";
				SWIFT_EMIT_LOC_STRINGS = YES;
				SWIFT_VERSION = 5.0;
				TARGETED_DEVICE_FAMILY = "1,2";
			};
			name = Release;
		};
/* End XCBuildConfiguration section */

/* Begin XCConfigurationList section */
		E8DA41B3299B5C520054C3D1 /* Build configuration list for PBXProject "Demo" */ = {
			isa = XCConfigurationList;
			buildConfigurations = (
				E8DA41CA299B5C540054C3D1 /* Debug */,
				E8DA41CB299B5C540054C3D1 /* Release */,
			);
			defaultConfigurationIsVisible = 0;
			defaultConfigurationName = Release;
		};
		E8DA41CC299B5C540054C3D1 /* Build configuration list for PBXNativeTarget "Demo" */ = {
			isa = XCConfigurationList;
			buildConfigurations = (
				E8DA41CD299B5C540054C3D1 /* Debug */,
				E8DA41CE299B5C540054C3D1 /* Release */,
			);
			defaultConfigurationIsVisible = 0;
			defaultConfigurationName = Release;
		};
/* End XCConfigurationList section */
	};
	rootObject = E8DA41B0299B5C520054C3D1 /* Project object */;
}
